PODS:
  - XMLParsing (0.0.3)

DEPENDENCIES:
  - XMLParsing (from `https://github.com/ShawnMoore/XMLParsing.git`)

EXTERNAL SOURCES:
  XMLParsing:
    :git: https://github.com/ShawnMoore/XMLParsing.git

CHECKOUT OPTIONS:
  XMLParsing:
    :commit: 594272e4df40798c53ae1735ee65f3f387291670
    :git: https://github.com/ShawnMoore/XMLParsing.git

SPEC CHECKSUMS:
  XMLParsing: 085edb6fa22c71d6b53a79299f990a91e7414d19

PODFILE CHECKSUM: 4b787209170a4c2118080901ca08d69b35f239f9

COCOAPODS: 1.7.1
