PODS:
  - Codability (0.2.1)
  - R.swift (5.0.3):
    - R.swift.Library (~> 5.0.0)
  - R.swift.Library (5.0.1)
  - XMLParsing (0.0.3)

DEPENDENCIES:
  - Codability
  - R.swift
  - XMLParsing (from `https://github.com/ShawnMoore/XMLParsing.git`)

SPEC REPOS:
  https://github.com/cocoapods/specs.git:
    - Codability
    - R.swift
    - R.swift.Library

EXTERNAL SOURCES:
  XMLParsing:
    :git: https://github.com/ShawnMoore/XMLParsing.git

CHECKOUT OPTIONS:
  XMLParsing:
    :commit: 594272e4df40798c53ae1735ee65f3f387291670
    :git: https://github.com/ShawnMoore/XMLParsing.git

SPEC CHECKSUMS:
  Codability: c888a339f4784c15a482b2180799e1836fc119aa
  R.swift: f5a87643b91ea569d23d6afb3eee9c743edde239
  R.swift.Library: cfe85d569d9bae6cb262922db130e7c3a7a5fad1
  XMLParsing: 085edb6fa22c71d6b53a79299f990a91e7414d19

PODFILE CHECKSUM: 15ac5396f51c8f13782a5434b321f733644546dc

COCOAPODS: 1.7.1
