// !$*UTF8*$!
{
	archiveVersion = 1;
	classes = {
	};
	objectVersion = 52;
	objects = {

/* Begin PBXBuildFile section */
		C9022F962608ED1500C6773A /* Icons.xcassets in Resources */ = {isa = PBXBuildFile; fileRef = C9022F952608ED1500C6773A /* Icons.xcassets */; };
		C9022FA026093D5300C6773A /* LeaderTypeExtension.swift in Sources */ = {isa = PBXBuildFile; fileRef = C9022F9F26093D5300C6773A /* LeaderTypeExtension.swift */; };
		C9022FA22609D06A00C6773A /* HandicapTypeExtension.swift in Sources */ = {isa = PBXBuildFile; fileRef = C9022FA12609D06A00C6773A /* HandicapTypeExtension.swift */; };
		C903D065274A5BE4003C50B9 /* LabelTokenizerTests.swift in Sources */ = {isa = PBXBuildFile; fileRef = C903D064274A5BE4003C50B9 /* LabelTokenizerTests.swift */; };
		C903D066274A5BE4003C50B9 /* SmartAssets.framework in Frameworks */ = {isa = PBXBuildFile; fileRef = C931ADC52577D06D0002BA2F /* SmartAssets.framework */; platformFilter = ios; };
		C903D06D274A5BF7003C50B9 /* LabelTokenizer.swift in Sources */ = {isa = PBXBuildFile; fileRef = C903D06C274A5BF7003C50B9 /* LabelTokenizer.swift */; };
		C91B484E26E615BE002157C4 /* ImageCache.swift in Sources */ = {isa = PBXBuildFile; fileRef = C91B484D26E615BE002157C4 /* ImageCache.swift */; };
		C91B485026E61AED002157C4 /* HeaderButtonType.swift in Sources */ = {isa = PBXBuildFile; fileRef = C91B484F26E61AED002157C4 /* HeaderButtonType.swift */; };
		C91C92AA276533EB009A1167 /* Localizable.strings in Resources */ = {isa = PBXBuildFile; fileRef = C91C92A9276533EB009A1167 /* Localizable.strings */; };
		C925594A25F9569700C2BF28 /* ColorExtension.swift in Sources */ = {isa = PBXBuildFile; fileRef = C925594925F9569700C2BF28 /* ColorExtension.swift */; };
		C925594C25F95F9800C2BF28 /* CivilizationTypeExtension.swift in Sources */ = {isa = PBXBuildFile; fileRef = C925594B25F95F9800C2BF28 /* CivilizationTypeExtension.swift */; };
		C92D6B8E27D9D88A002EA5C5 /* Diplomacy.strings in Resources */ = {isa = PBXBuildFile; fileRef = C92D6B8D27D9D88A002EA5C5 /* Diplomacy.strings */; };
		C92D6B9027D9D8A3002EA5C5 /* DiplomaticRequestMessageExtension.swift in Sources */ = {isa = PBXBuildFile; fileRef = C92D6B8F27D9D8A3002EA5C5 /* DiplomaticRequestMessageExtension.swift */; };
		C931ADCA2577D06D0002BA2F /* SmartAssets.h in Headers */ = {isa = PBXBuildFile; fileRef = C931ADC82577D06D0002BA2F /* SmartAssets.h */; settings = {ATTRIBUTES = (Public, ); }; };
		C931ADD22577D0E30002BA2F /* Textures.swift in Sources */ = {isa = PBXBuildFile; fileRef = C931ADD12577D0E30002BA2F /* Textures.swift */; };
		C931ADD82577D0F80002BA2F /* SmartAILibrary.framework in Frameworks */ = {isa = PBXBuildFile; fileRef = C931ADD72577D0F80002BA2F /* SmartAILibrary.framework */; };
		C931ADD92577D0F80002BA2F /* SmartAILibrary.framework in Embed Frameworks */ = {isa = PBXBuildFile; fileRef = C931ADD72577D0F80002BA2F /* SmartAILibrary.framework */; settings = {ATTRIBUTES = (CodeSignOnCopy, RemoveHeadersOnCopy, ); }; };
		C931ADE32577D1510002BA2F /* ArrayExtension.swift in Sources */ = {isa = PBXBuildFile; fileRef = C931ADE22577D1510002BA2F /* ArrayExtension.swift */; };
		C932BA842774AC4E00F4640D /* Dedications.strings in Resources */ = {isa = PBXBuildFile; fileRef = C932BA832774AC4E00F4640D /* Dedications.strings */; };
		C939254726F0E66B00E51921 /* CityExtension.swift in Sources */ = {isa = PBXBuildFile; fileRef = C939254626F0E66B00E51921 /* CityExtension.swift */; };
		C950F990264573F30057A7D1 /* CommandTypeExtension.swift in Sources */ = {isa = PBXBuildFile; fileRef = C950F98F264573F20057A7D1 /* CommandTypeExtension.swift */; };
		C950F9922647E2140057A7D1 /* NotificationTypeExtension.swift in Sources */ = {isa = PBXBuildFile; fileRef = C950F9912647E2130057A7D1 /* NotificationTypeExtension.swift */; };
		C950F99D26490A790057A7D1 /* PolicyCardsTypeExtension.swift in Sources */ = {isa = PBXBuildFile; fileRef = C950F99C26490A790057A7D1 /* PolicyCardsTypeExtension.swift */; };
		C950F99F2649290A0057A7D1 /* StringExtension.swift in Sources */ = {isa = PBXBuildFile; fileRef = C950F99E2649290A0057A7D1 /* StringExtension.swift */; };
		C952B9AC261E3930008822DD /* ObjectTextureAtlas.swift in Sources */ = {isa = PBXBuildFile; fileRef = C952B9AB261E3930008822DD /* ObjectTextureAtlas.swift */; };
		C952B9AE261E396F008822DD /* TextureAtlasExtension.swift in Sources */ = {isa = PBXBuildFile; fileRef = C952B9AD261E396F008822DD /* TextureAtlasExtension.swift */; };
		C95AB2F427CD3D3B00EF5C61 /* CityStateTypeExtension.swift in Sources */ = {isa = PBXBuildFile; fileRef = C95AB2F327CD3D3B00EF5C61 /* CityStateTypeExtension.swift */; };
		C963AD102785E27100981EF3 /* Techs.strings in Resources */ = {isa = PBXBuildFile; fileRef = C963AD0F2785E27100981EF3 /* Techs.strings */; };
		C963AD12278627BD00981EF3 /* AgeTypeExtension.swift in Sources */ = {isa = PBXBuildFile; fileRef = C963AD11278627BC00981EF3 /* AgeTypeExtension.swift */; };
		C968F29D2639BA4F00612D0E /* ImprovementTypeExtension.swift in Sources */ = {isa = PBXBuildFile; fileRef = C968F29C2639BA4F00612D0E /* ImprovementTypeExtension.swift */; };
		C970A5F42794841F00381603 /* Governments.strings in Resources */ = {isa = PBXBuildFile; fileRef = C970A5F32794841F00381603 /* Governments.strings */; };
		C970A5F62794876300381603 /* Wonders.strings in Resources */ = {isa = PBXBuildFile; fileRef = C970A5F52794876300381603 /* Wonders.strings */; };
		C971FDD7270A41A800F818EE /* ReligionTypeExtension.swift in Sources */ = {isa = PBXBuildFile; fileRef = C971FDD6270A41A800F818EE /* ReligionTypeExtension.swift */; };
		C9754D56275E18AC000A1B70 /* AppealLevelExtension.swift in Sources */ = {isa = PBXBuildFile; fileRef = C9754D55275E18AC000A1B70 /* AppealLevelExtension.swift */; };
		C9754D58275E3BA7000A1B70 /* CitySiteEvaluationTypeExtension.swift in Sources */ = {isa = PBXBuildFile; fileRef = C9754D57275E3BA7000A1B70 /* CitySiteEvaluationTypeExtension.swift */; };
		C9754D5C275F3A0F000A1B70 /* MapLensTypeExtension.swift in Sources */ = {isa = PBXBuildFile; fileRef = C9754D5B275F3A0F000A1B70 /* MapLensTypeExtension.swift */; };
		C9755FEF270AE92400C9CAB7 /* BeliefTypeExtension.swift in Sources */ = {isa = PBXBuildFile; fileRef = C9755FEE270AE92400C9CAB7 /* BeliefTypeExtension.swift */; };
		C97ACD0327D673A000AD0721 /* CityStateQuestExtension.swift in Sources */ = {isa = PBXBuildFile; fileRef = C97ACD0227D673A000AD0721 /* CityStateQuestExtension.swift */; };
		C980E77326E0C60F0089053A /* CombatResultTypeExtension.swift in Sources */ = {isa = PBXBuildFile; fileRef = C980E77226E0C60F0089053A /* CombatResultTypeExtension.swift */; };
		C98115E327F9868F00BFA5FD /* caravane-idle.slp in Resources */ = {isa = PBXBuildFile; fileRef = C98115E127F9866900BFA5FD /* caravane-idle.slp */; };
		C988EAE7261B916800300C39 /* Units.xcassets in Resources */ = {isa = PBXBuildFile; fileRef = C988EAE6261B916800300C39 /* Units.xcassets */; };
		C98E68B12577D28E00BD93CA /* FeatureTypeExtension.swift in Sources */ = {isa = PBXBuildFile; fileRef = C98E68AE2577D28E00BD93CA /* FeatureTypeExtension.swift */; };
		C98E68B22577D28E00BD93CA /* ResourceTypeExtension.swift in Sources */ = {isa = PBXBuildFile; fileRef = C98E68AF2577D28E00BD93CA /* ResourceTypeExtension.swift */; };
		C98E68B32577D28E00BD93CA /* TerrainTypeExtension.swift in Sources */ = {isa = PBXBuildFile; fileRef = C98E68B02577D28E00BD93CA /* TerrainTypeExtension.swift */; };
		C98E68B72577D8C900BD93CA /* Tiles.xcassets in Resources */ = {isa = PBXBuildFile; fileRef = C98E68B62577D8C900BD93CA /* Tiles.xcassets */; };
		C9941EFC26E8FF6600D029D7 /* BuildableItemExtension.swift in Sources */ = {isa = PBXBuildFile; fileRef = C9941EFB26E8FF6600D029D7 /* BuildableItemExtension.swift */; };
		C9941EFE26E9EC6E00D029D7 /* CityCommandType.swift in Sources */ = {isa = PBXBuildFile; fileRef = C9941EFD26E9EC6E00D029D7 /* CityCommandType.swift */; };
		C9A05EEA27019D3A008ACFA3 /* GovernorTitleTypeExtension.swift in Sources */ = {isa = PBXBuildFile; fileRef = C9A05EE927019D3A008ACFA3 /* GovernorTitleTypeExtension.swift */; };
		C9A09829261C80080098C5E1 /* UnitTypeExtension.swift in Sources */ = {isa = PBXBuildFile; fileRef = C9A09828261C80080098C5E1 /* UnitTypeExtension.swift */; };
		C9A0982C261CAD3B0098C5E1 /* NSImageExtension.swift in Sources */ = {isa = PBXBuildFile; fileRef = C9A0982B261CAD3B0098C5E1 /* NSImageExtension.swift */; };
		C9A09846261CB6930098C5E1 /* knight.xml in Resources */ = {isa = PBXBuildFile; fileRef = C9A0982E261CB6910098C5E1 /* knight.xml */; };
		C9A09847261CB6930098C5E1 /* horseman.png in Resources */ = {isa = PBXBuildFile; fileRef = C9A0982F261CB6910098C5E1 /* horseman.png */; };
		C9A09848261CB6930098C5E1 /* spearman.png in Resources */ = {isa = PBXBuildFile; fileRef = C9A09830261CB6910098C5E1 /* spearman.png */; };
		C9A09849261CB6930098C5E1 /* man_at_arms.png in Resources */ = {isa = PBXBuildFile; fileRef = C9A09831261CB6910098C5E1 /* man_at_arms.png */; };
		C9A0984A261CB6930098C5E1 /* pikeman.xml in Resources */ = {isa = PBXBuildFile; fileRef = C9A09832261CB6910098C5E1 /* pikeman.xml */; };
		C9A0984C261CB6930098C5E1 /* warrior.png in Resources */ = {isa = PBXBuildFile; fileRef = C9A09834261CB6920098C5E1 /* warrior.png */; };
		C9A0984D261CB6930098C5E1 /* crossbowman.xml in Resources */ = {isa = PBXBuildFile; fileRef = C9A09835261CB6920098C5E1 /* crossbowman.xml */; };
		C9A0984E261CB6930098C5E1 /* crossbowman.png in Resources */ = {isa = PBXBuildFile; fileRef = C9A09836261CB6920098C5E1 /* crossbowman.png */; };
		C9A0984F261CB6930098C5E1 /* long_swordman.png in Resources */ = {isa = PBXBuildFile; fileRef = C9A09837261CB6920098C5E1 /* long_swordman.png */; };
		C9A09850261CB6930098C5E1 /* knight.png in Resources */ = {isa = PBXBuildFile; fileRef = C9A09838261CB6920098C5E1 /* knight.png */; };
		C9A09851261CB6930098C5E1 /* archer.xml in Resources */ = {isa = PBXBuildFile; fileRef = C9A09839261CB6920098C5E1 /* archer.xml */; };
		C9A09852261CB6930098C5E1 /* builder.xml in Resources */ = {isa = PBXBuildFile; fileRef = C9A0983A261CB6920098C5E1 /* builder.xml */; };
		C9A09853261CB6930098C5E1 /* horseman.xml in Resources */ = {isa = PBXBuildFile; fileRef = C9A0983B261CB6920098C5E1 /* horseman.xml */; };
		C9A09854261CB6930098C5E1 /* pikeman.png in Resources */ = {isa = PBXBuildFile; fileRef = C9A0983C261CB6920098C5E1 /* pikeman.png */; };
		C9A09855261CB6930098C5E1 /* scout.png in Resources */ = {isa = PBXBuildFile; fileRef = C9A0983D261CB6920098C5E1 /* scout.png */; };
		C9A09857261CB6930098C5E1 /* archer.png in Resources */ = {isa = PBXBuildFile; fileRef = C9A0983F261CB6920098C5E1 /* archer.png */; };
		C9A09858261CB6930098C5E1 /* warrior.xml in Resources */ = {isa = PBXBuildFile; fileRef = C9A09840261CB6920098C5E1 /* warrior.xml */; };
		C9A09859261CB6930098C5E1 /* spearman.xml in Resources */ = {isa = PBXBuildFile; fileRef = C9A09841261CB6920098C5E1 /* spearman.xml */; };
		C9A0985A261CB6930098C5E1 /* long_swordman.xml in Resources */ = {isa = PBXBuildFile; fileRef = C9A09842261CB6920098C5E1 /* long_swordman.xml */; };
		C9A0985B261CB6930098C5E1 /* man_at_arms.xml in Resources */ = {isa = PBXBuildFile; fileRef = C9A09843261CB6920098C5E1 /* man_at_arms.xml */; };
		C9A0985C261CB6930098C5E1 /* scout.xml in Resources */ = {isa = PBXBuildFile; fileRef = C9A09844261CB6930098C5E1 /* scout.xml */; };
		C9A0985D261CB6930098C5E1 /* builder.png in Resources */ = {isa = PBXBuildFile; fileRef = C9A09845261CB6930098C5E1 /* builder.png */; };
		C9A25C1327023BD50071B186 /* prophet.xml in Resources */ = {isa = PBXBuildFile; fileRef = C9A25C1127023BD40071B186 /* prophet.xml */; };
		C9A25C1427023BD50071B186 /* prophet.png in Resources */ = {isa = PBXBuildFile; fileRef = C9A25C1227023BD40071B186 /* prophet.png */; };
		C9A3760D263447390057923E /* TextureUtils.swift in Sources */ = {isa = PBXBuildFile; fileRef = C9A3760C263447390057923E /* TextureUtils.swift */; };
		C9A37611263448AC0057923E /* Globals.swift in Sources */ = {isa = PBXBuildFile; fileRef = C9A37610263448AC0057923E /* Globals.swift */; };
		C9A5B5CD2588A50500836AEB /* MapTypeExtension.swift in Sources */ = {isa = PBXBuildFile; fileRef = C9A5B5CC2588A50500836AEB /* MapTypeExtension.swift */; };
		C9AB2C72257E6B350045DFBC /* MapSizeExtension.swift in Sources */ = {isa = PBXBuildFile; fileRef = C9AB2C71257E6B350045DFBC /* MapSizeExtension.swift */; };
		C9AC0FFF26DE67DB00B65288 /* PromotionState.swift in Sources */ = {isa = PBXBuildFile; fileRef = C9AC0FFE26DE67DB00B65288 /* PromotionState.swift */; };
		C9AC100126DE68A800B65288 /* UnitPromotionTypeExtension.swift in Sources */ = {isa = PBXBuildFile; fileRef = C9AC100026DE68A800B65288 /* UnitPromotionTypeExtension.swift */; };
		C9B60BF2269DCF6500F10177 /* PantheonTypeExtension.swift in Sources */ = {isa = PBXBuildFile; fileRef = C9B60BF1269DCF6500F10177 /* PantheonTypeExtension.swift */; };
		C9B71F12278F09210091BADD /* Religions.strings in Resources */ = {isa = PBXBuildFile; fileRef = C9B71F11278F09210091BADD /* Religions.strings */; };
		C9B806FD28259B34002DF8E4 /* arrow.slp in Resources */ = {isa = PBXBuildFile; fileRef = C9B806FC28259B34002DF8E4 /* arrow.slp */; };
		C9B807002825BEC3002DF8E4 /* projectile.slp in Resources */ = {isa = PBXBuildFile; fileRef = C9B806FE2825BEC1002DF8E4 /* projectile.slp */; };
		C9BB56DA276915FD00053AE7 /* Civics.strings in Resources */ = {isa = PBXBuildFile; fileRef = C9BB56D9276915FD00053AE7 /* Civics.strings */; };
		C9BB56DC27692FE600053AE7 /* Civilizations.strings in Resources */ = {isa = PBXBuildFile; fileRef = C9BB56DB27692FE600053AE7 /* Civilizations.strings */; };
		C9C1699927DCF61000E61088 /* Leaders.strings in Resources */ = {isa = PBXBuildFile; fileRef = C9C1699827DCF61000E61088 /* Leaders.strings */; };
		C9C1699B27DCFC8200E61088 /* PlayerApproachTypeExtension.swift in Sources */ = {isa = PBXBuildFile; fileRef = C9C1699A27DCFC8200E61088 /* PlayerApproachTypeExtension.swift */; };
		C9C234A52768EEB400905C97 /* CityNames.strings in Resources */ = {isa = PBXBuildFile; fileRef = C9C234A42768EEB400905C97 /* CityNames.strings */; };
		C9C8A7492785788200BC68CF /* DedicationTypeExtension.swift in Sources */ = {isa = PBXBuildFile; fileRef = C9C8A7482785788200BC68CF /* DedicationTypeExtension.swift */; };
		C9CAC8A2264BC4B200D0668D /* GovernmentState.swift in Sources */ = {isa = PBXBuildFile; fileRef = C9CAC8A1264BC4B200D0668D /* GovernmentState.swift */; };
		C9CAC8A6264BD17000D0668D /* GovernmentTypeExtension.swift in Sources */ = {isa = PBXBuildFile; fileRef = C9CAC8A5264BD17000D0668D /* GovernmentTypeExtension.swift */; };
		C9CB34012761EB12008835D0 /* ContinentTypeExtension.swift in Sources */ = {isa = PBXBuildFile; fileRef = C9CB34002761EB12008835D0 /* ContinentTypeExtension.swift */; };
		C9CB992127C6C17D00946E77 /* merchant-walk.slp in Resources */ = {isa = PBXBuildFile; fileRef = C9CB992027C6C17D00946E77 /* merchant-walk.slp */; };
		C9CB992327C6C1F700946E77 /* SlpTextureAtlasLoader.swift in Sources */ = {isa = PBXBuildFile; fileRef = C9CB992227C6C1F700946E77 /* SlpTextureAtlasLoader.swift */; };
		C9CB992527C6C34D00946E77 /* PixelBuffer.swift in Sources */ = {isa = PBXBuildFile; fileRef = C9CB992427C6C34D00946E77 /* PixelBuffer.swift */; };
		C9CB992727C6C3BC00946E77 /* SlpFileExtension.swift in Sources */ = {isa = PBXBuildFile; fileRef = C9CB992627C6C3BC00946E77 /* SlpFileExtension.swift */; };
		C9CD3193278CB711002D53C4 /* Moments.strings in Resources */ = {isa = PBXBuildFile; fileRef = C9CD3192278CB711002D53C4 /* Moments.strings */; };
		C9CD3195278D6499002D53C4 /* MomentTypeExtension.swift in Sources */ = {isa = PBXBuildFile; fileRef = C9CD3194278D6499002D53C4 /* MomentTypeExtension.swift */; };
		C9CD3197278D7571002D53C4 /* VictoryTypeExtension.swift in Sources */ = {isa = PBXBuildFile; fileRef = C9CD3196278D7571002D53C4 /* VictoryTypeExtension.swift */; };
		C9D5D25326F8630A00009817 /* GovernorTypeExtension.swift in Sources */ = {isa = PBXBuildFile; fileRef = C9D5D25226F8630A00009817 /* GovernorTypeExtension.swift */; };
		C9E6762D27CC238C009514CB /* CityStates.strings in Resources */ = {isa = PBXBuildFile; fileRef = C9E6762C27CC238C009514CB /* CityStates.strings */; };
		C9E80CCB27C7BE360048216B /* caravane-walk.slp in Resources */ = {isa = PBXBuildFile; fileRef = C9E80CC927C7BE350048216B /* caravane-walk.slp */; };
		C9E80CCC27C7BE360048216B /* caravane-idle.slp in Resources */ = {isa = PBXBuildFile; fileRef = C9E80CCA27C7BE360048216B /* caravane-idle.slp */; };
		C9E80CCE27C7C4B90048216B /* AOE1_50500.pal in Resources */ = {isa = PBXBuildFile; fileRef = C9E80CCD27C7C4B90048216B /* AOE1_50500.pal */; };
		C9E80CD027C7CCC70048216B /* merchant-idle.slp in Resources */ = {isa = PBXBuildFile; fileRef = C9E80CCF27C7CCC70048216B /* merchant-idle.slp */; };
		C9E80CD227C7CCE60048216B /* AOE1_50500.pal in Resources */ = {isa = PBXBuildFile; fileRef = C9E80CD127C7CCE60048216B /* AOE1_50500.pal */; };
		C9E87BA7264C573200514B9A /* YieldTypeExtension.swift in Sources */ = {isa = PBXBuildFile; fileRef = C9E87BA6264C573200514B9A /* YieldTypeExtension.swift */; };
		C9E87BB9264DA63700514B9A /* TechTypeExtension.swift in Sources */ = {isa = PBXBuildFile; fileRef = C9E87BB8264DA63700514B9A /* TechTypeExtension.swift */; };
		C9E87BBB264DAA7000514B9A /* CivicTypeExtension.swift in Sources */ = {isa = PBXBuildFile; fileRef = C9E87BBA264DAA7000514B9A /* CivicTypeExtension.swift */; };
		C9E87BBD264DB49100514B9A /* BuildingTypeExtension.swift in Sources */ = {isa = PBXBuildFile; fileRef = C9E87BBC264DB49100514B9A /* BuildingTypeExtension.swift */; };
		C9E87BBF264DB4D600514B9A /* WonderTypeExtension.swift in Sources */ = {isa = PBXBuildFile; fileRef = C9E87BBE264DB4D600514B9A /* WonderTypeExtension.swift */; };
		C9E87BC1264DB54900514B9A /* DistrictTypeExtension.swift in Sources */ = {isa = PBXBuildFile; fileRef = C9E87BC0264DB54900514B9A /* DistrictTypeExtension.swift */; };
		C9E87BC3264DB58100514B9A /* BuildTypeExtension.swift in Sources */ = {isa = PBXBuildFile; fileRef = C9E87BC2264DB58100514B9A /* BuildTypeExtension.swift */; };
		C9EA3CD7281D3893005ECCFF /* MapMarkerTypeExtension.swift in Sources */ = {isa = PBXBuildFile; fileRef = C9EA3CD6281D3893005ECCFF /* MapMarkerTypeExtension.swift */; };
		C9EA3CE72820FE77005ECCFF /* slinger-walk.slp in Resources */ = {isa = PBXBuildFile; fileRef = C9EA3CE42820FE74005ECCFF /* slinger-walk.slp */; };
		C9EA3CE82820FE77005ECCFF /* slinger-attack.slp in Resources */ = {isa = PBXBuildFile; fileRef = C9EA3CE52820FE75005ECCFF /* slinger-attack.slp */; };
		C9EA3CE92820FE77005ECCFF /* slinger-idle.slp in Resources */ = {isa = PBXBuildFile; fileRef = C9EA3CE62820FE76005ECCFF /* slinger-idle.slp */; };
		C9F9638D27C56DED00073CC7 /* SlpFile.swift in Sources */ = {isa = PBXBuildFile; fileRef = C9F9638C27C56DED00073CC7 /* SlpFile.swift */; };
		C9F9639F27C6423800073CC7 /* SlpLoadingTests.swift in Sources */ = {isa = PBXBuildFile; fileRef = C9F9639D27C6422300073CC7 /* SlpLoadingTests.swift */; };
		C9F963A227C6429000073CC7 /* merchant-idle.slp in Resources */ = {isa = PBXBuildFile; fileRef = C9F963A127C6429000073CC7 /* merchant-idle.slp */; };
		C9FD453727E7893500C3272F /* AccessLevelExtension.swift in Sources */ = {isa = PBXBuildFile; fileRef = C9FD453627E7893500C3272F /* AccessLevelExtension.swift */; };
		C9FD453927E78DCC00C3272F /* IntelReportTypeExtension.swift in Sources */ = {isa = PBXBuildFile; fileRef = C9FD453827E78DCC00C3272F /* IntelReportTypeExtension.swift */; };
		C9FD454127E8591500C3272F /* GossipExtension.swift in Sources */ = {isa = PBXBuildFile; fileRef = C9FD454027E8591500C3272F /* GossipExtension.swift */; };
/* End PBXBuildFile section */

/* Begin PBXContainerItemProxy section */
		C903D067274A5BE4003C50B9 /* PBXContainerItemProxy */ = {
			isa = PBXContainerItemProxy;
			containerPortal = C931ADBC2577D06D0002BA2F /* Project object */;
			proxyType = 1;
			remoteGlobalIDString = C931ADC42577D06D0002BA2F;
			remoteInfo = SmartAssets;
		};
/* End PBXContainerItemProxy section */

/* Begin PBXCopyFilesBuildPhase section */
		C931ADDA2577D0F80002BA2F /* Embed Frameworks */ = {
			isa = PBXCopyFilesBuildPhase;
			buildActionMask = 2147483647;
			dstPath = "";
			dstSubfolderSpec = 10;
			files = (
				C931ADD92577D0F80002BA2F /* SmartAILibrary.framework in Embed Frameworks */,
			);
			name = "Embed Frameworks";
			runOnlyForDeploymentPostprocessing = 0;
		};
/* End PBXCopyFilesBuildPhase section */

/* Begin PBXFileReference section */
		C9022F952608ED1500C6773A /* Icons.xcassets */ = {isa = PBXFileReference; lastKnownFileType = folder.assetcatalog; path = Icons.xcassets; sourceTree = "<group>"; };
		C9022F9F26093D5300C6773A /* LeaderTypeExtension.swift */ = {isa = PBXFileReference; lastKnownFileType = sourcecode.swift; path = LeaderTypeExtension.swift; sourceTree = "<group>"; };
		C9022FA12609D06A00C6773A /* HandicapTypeExtension.swift */ = {isa = PBXFileReference; lastKnownFileType = sourcecode.swift; path = HandicapTypeExtension.swift; sourceTree = "<group>"; };
		C903D062274A5BE3003C50B9 /* SmartAssetsTests.xctest */ = {isa = PBXFileReference; explicitFileType = wrapper.cfbundle; includeInIndex = 0; path = SmartAssetsTests.xctest; sourceTree = BUILT_PRODUCTS_DIR; };
		C903D064274A5BE4003C50B9 /* LabelTokenizerTests.swift */ = {isa = PBXFileReference; lastKnownFileType = sourcecode.swift; path = LabelTokenizerTests.swift; sourceTree = "<group>"; };
		C903D06C274A5BF7003C50B9 /* LabelTokenizer.swift */ = {isa = PBXFileReference; lastKnownFileType = sourcecode.swift; path = LabelTokenizer.swift; sourceTree = "<group>"; };
		C91B484D26E615BE002157C4 /* ImageCache.swift */ = {isa = PBXFileReference; lastKnownFileType = sourcecode.swift; path = ImageCache.swift; sourceTree = "<group>"; };
		C91B484F26E61AED002157C4 /* HeaderButtonType.swift */ = {isa = PBXFileReference; lastKnownFileType = sourcecode.swift; path = HeaderButtonType.swift; sourceTree = "<group>"; };
		C91C92A9276533EB009A1167 /* Localizable.strings */ = {isa = PBXFileReference; lastKnownFileType = text.plist.strings; path = Localizable.strings; sourceTree = "<group>"; };
		C925594925F9569700C2BF28 /* ColorExtension.swift */ = {isa = PBXFileReference; lastKnownFileType = sourcecode.swift; path = ColorExtension.swift; sourceTree = "<group>"; };
		C925594B25F95F9800C2BF28 /* CivilizationTypeExtension.swift */ = {isa = PBXFileReference; lastKnownFileType = sourcecode.swift; path = CivilizationTypeExtension.swift; sourceTree = "<group>"; };
		C92D6B8D27D9D88A002EA5C5 /* Diplomacy.strings */ = {isa = PBXFileReference; lastKnownFileType = text.plist.strings; path = Diplomacy.strings; sourceTree = "<group>"; };
		C92D6B8F27D9D8A3002EA5C5 /* DiplomaticRequestMessageExtension.swift */ = {isa = PBXFileReference; lastKnownFileType = sourcecode.swift; path = DiplomaticRequestMessageExtension.swift; sourceTree = "<group>"; };
		C931ADC52577D06D0002BA2F /* SmartAssets.framework */ = {isa = PBXFileReference; explicitFileType = wrapper.framework; includeInIndex = 0; path = SmartAssets.framework; sourceTree = BUILT_PRODUCTS_DIR; };
		C931ADC82577D06D0002BA2F /* SmartAssets.h */ = {isa = PBXFileReference; lastKnownFileType = sourcecode.c.h; path = SmartAssets.h; sourceTree = "<group>"; };
		C931ADC92577D06D0002BA2F /* Info.plist */ = {isa = PBXFileReference; lastKnownFileType = text.plist.xml; path = Info.plist; sourceTree = "<group>"; };
		C931ADD12577D0E30002BA2F /* Textures.swift */ = {isa = PBXFileReference; lastKnownFileType = sourcecode.swift; path = Textures.swift; sourceTree = "<group>"; };
		C931ADD72577D0F80002BA2F /* SmartAILibrary.framework */ = {isa = PBXFileReference; explicitFileType = wrapper.framework; path = SmartAILibrary.framework; sourceTree = BUILT_PRODUCTS_DIR; };
		C931ADE22577D1510002BA2F /* ArrayExtension.swift */ = {isa = PBXFileReference; lastKnownFileType = sourcecode.swift; path = ArrayExtension.swift; sourceTree = "<group>"; };
		C932BA832774AC4E00F4640D /* Dedications.strings */ = {isa = PBXFileReference; lastKnownFileType = text.plist.strings; path = Dedications.strings; sourceTree = "<group>"; };
		C939254626F0E66B00E51921 /* CityExtension.swift */ = {isa = PBXFileReference; lastKnownFileType = sourcecode.swift; path = CityExtension.swift; sourceTree = "<group>"; };
		C950F98F264573F20057A7D1 /* CommandTypeExtension.swift */ = {isa = PBXFileReference; lastKnownFileType = sourcecode.swift; path = CommandTypeExtension.swift; sourceTree = "<group>"; };
		C950F9912647E2130057A7D1 /* NotificationTypeExtension.swift */ = {isa = PBXFileReference; lastKnownFileType = sourcecode.swift; path = NotificationTypeExtension.swift; sourceTree = "<group>"; };
		C950F99C26490A790057A7D1 /* PolicyCardsTypeExtension.swift */ = {isa = PBXFileReference; lastKnownFileType = sourcecode.swift; path = PolicyCardsTypeExtension.swift; sourceTree = "<group>"; };
		C950F99E2649290A0057A7D1 /* StringExtension.swift */ = {isa = PBXFileReference; lastKnownFileType = sourcecode.swift; path = StringExtension.swift; sourceTree = "<group>"; };
		C952B9AB261E3930008822DD /* ObjectTextureAtlas.swift */ = {isa = PBXFileReference; lastKnownFileType = sourcecode.swift; path = ObjectTextureAtlas.swift; sourceTree = "<group>"; };
		C952B9AD261E396F008822DD /* TextureAtlasExtension.swift */ = {isa = PBXFileReference; lastKnownFileType = sourcecode.swift; path = TextureAtlasExtension.swift; sourceTree = "<group>"; };
		C95AB2F327CD3D3B00EF5C61 /* CityStateTypeExtension.swift */ = {isa = PBXFileReference; lastKnownFileType = sourcecode.swift; path = CityStateTypeExtension.swift; sourceTree = "<group>"; };
		C963AD0F2785E27100981EF3 /* Techs.strings */ = {isa = PBXFileReference; lastKnownFileType = text.plist.strings; path = Techs.strings; sourceTree = "<group>"; };
		C963AD11278627BC00981EF3 /* AgeTypeExtension.swift */ = {isa = PBXFileReference; lastKnownFileType = sourcecode.swift; path = AgeTypeExtension.swift; sourceTree = "<group>"; };
		C968F29C2639BA4F00612D0E /* ImprovementTypeExtension.swift */ = {isa = PBXFileReference; lastKnownFileType = sourcecode.swift; path = ImprovementTypeExtension.swift; sourceTree = "<group>"; };
		C970A5F32794841F00381603 /* Governments.strings */ = {isa = PBXFileReference; lastKnownFileType = text.plist.strings; path = Governments.strings; sourceTree = "<group>"; };
		C970A5F52794876300381603 /* Wonders.strings */ = {isa = PBXFileReference; lastKnownFileType = text.plist.strings; path = Wonders.strings; sourceTree = "<group>"; };
		C971FDD6270A41A800F818EE /* ReligionTypeExtension.swift */ = {isa = PBXFileReference; lastKnownFileType = sourcecode.swift; path = ReligionTypeExtension.swift; sourceTree = "<group>"; };
		C9754D55275E18AC000A1B70 /* AppealLevelExtension.swift */ = {isa = PBXFileReference; lastKnownFileType = sourcecode.swift; path = AppealLevelExtension.swift; sourceTree = "<group>"; };
		C9754D57275E3BA7000A1B70 /* CitySiteEvaluationTypeExtension.swift */ = {isa = PBXFileReference; lastKnownFileType = sourcecode.swift; path = CitySiteEvaluationTypeExtension.swift; sourceTree = "<group>"; };
		C9754D5B275F3A0F000A1B70 /* MapLensTypeExtension.swift */ = {isa = PBXFileReference; lastKnownFileType = sourcecode.swift; path = MapLensTypeExtension.swift; sourceTree = "<group>"; };
		C9755FEE270AE92400C9CAB7 /* BeliefTypeExtension.swift */ = {isa = PBXFileReference; lastKnownFileType = sourcecode.swift; path = BeliefTypeExtension.swift; sourceTree = "<group>"; };
		C97ACD0227D673A000AD0721 /* CityStateQuestExtension.swift */ = {isa = PBXFileReference; lastKnownFileType = sourcecode.swift; path = CityStateQuestExtension.swift; sourceTree = "<group>"; };
		C980E77226E0C60F0089053A /* CombatResultTypeExtension.swift */ = {isa = PBXFileReference; lastKnownFileType = sourcecode.swift; path = CombatResultTypeExtension.swift; sourceTree = "<group>"; };
		C98115E127F9866900BFA5FD /* caravane-idle.slp */ = {isa = PBXFileReference; lastKnownFileType = file; path = "caravane-idle.slp"; sourceTree = "<group>"; };
		C988EAE6261B916800300C39 /* Units.xcassets */ = {isa = PBXFileReference; lastKnownFileType = folder.assetcatalog; path = Units.xcassets; sourceTree = "<group>"; };
		C98E68AE2577D28E00BD93CA /* FeatureTypeExtension.swift */ = {isa = PBXFileReference; fileEncoding = 4; lastKnownFileType = sourcecode.swift; path = FeatureTypeExtension.swift; sourceTree = "<group>"; };
		C98E68AF2577D28E00BD93CA /* ResourceTypeExtension.swift */ = {isa = PBXFileReference; fileEncoding = 4; lastKnownFileType = sourcecode.swift; path = ResourceTypeExtension.swift; sourceTree = "<group>"; };
		C98E68B02577D28E00BD93CA /* TerrainTypeExtension.swift */ = {isa = PBXFileReference; fileEncoding = 4; lastKnownFileType = sourcecode.swift; path = TerrainTypeExtension.swift; sourceTree = "<group>"; };
		C98E68B62577D8C900BD93CA /* Tiles.xcassets */ = {isa = PBXFileReference; lastKnownFileType = folder.assetcatalog; path = Tiles.xcassets; sourceTree = "<group>"; };
		C98E68BA25794C0E00BD93CA /* CheckScript.swift */ = {isa = PBXFileReference; explicitFileType = sourcecode.swift; fileEncoding = 4; path = CheckScript.swift; sourceTree = "<group>"; };
		C9941EFB26E8FF6600D029D7 /* BuildableItemExtension.swift */ = {isa = PBXFileReference; lastKnownFileType = sourcecode.swift; path = BuildableItemExtension.swift; sourceTree = "<group>"; };
		C9941EFD26E9EC6E00D029D7 /* CityCommandType.swift */ = {isa = PBXFileReference; lastKnownFileType = sourcecode.swift; path = CityCommandType.swift; sourceTree = "<group>"; };
		C9A05EE927019D3A008ACFA3 /* GovernorTitleTypeExtension.swift */ = {isa = PBXFileReference; lastKnownFileType = sourcecode.swift; path = GovernorTitleTypeExtension.swift; sourceTree = "<group>"; };
		C9A09828261C80080098C5E1 /* UnitTypeExtension.swift */ = {isa = PBXFileReference; lastKnownFileType = sourcecode.swift; path = UnitTypeExtension.swift; sourceTree = "<group>"; };
		C9A0982B261CAD3B0098C5E1 /* NSImageExtension.swift */ = {isa = PBXFileReference; lastKnownFileType = sourcecode.swift; path = NSImageExtension.swift; sourceTree = "<group>"; };
		C9A0982E261CB6910098C5E1 /* knight.xml */ = {isa = PBXFileReference; fileEncoding = 4; lastKnownFileType = text.xml; path = knight.xml; sourceTree = "<group>"; };
		C9A0982F261CB6910098C5E1 /* horseman.png */ = {isa = PBXFileReference; lastKnownFileType = image.png; path = horseman.png; sourceTree = "<group>"; };
		C9A09830261CB6910098C5E1 /* spearman.png */ = {isa = PBXFileReference; lastKnownFileType = image.png; path = spearman.png; sourceTree = "<group>"; };
		C9A09831261CB6910098C5E1 /* man_at_arms.png */ = {isa = PBXFileReference; lastKnownFileType = image.png; path = man_at_arms.png; sourceTree = "<group>"; };
		C9A09832261CB6910098C5E1 /* pikeman.xml */ = {isa = PBXFileReference; fileEncoding = 4; lastKnownFileType = text.xml; path = pikeman.xml; sourceTree = "<group>"; };
		C9A09834261CB6920098C5E1 /* warrior.png */ = {isa = PBXFileReference; lastKnownFileType = image.png; path = warrior.png; sourceTree = "<group>"; };
		C9A09835261CB6920098C5E1 /* crossbowman.xml */ = {isa = PBXFileReference; fileEncoding = 4; lastKnownFileType = text.xml; path = crossbowman.xml; sourceTree = "<group>"; };
		C9A09836261CB6920098C5E1 /* crossbowman.png */ = {isa = PBXFileReference; lastKnownFileType = image.png; path = crossbowman.png; sourceTree = "<group>"; };
		C9A09837261CB6920098C5E1 /* long_swordman.png */ = {isa = PBXFileReference; lastKnownFileType = image.png; path = long_swordman.png; sourceTree = "<group>"; };
		C9A09838261CB6920098C5E1 /* knight.png */ = {isa = PBXFileReference; lastKnownFileType = image.png; path = knight.png; sourceTree = "<group>"; };
		C9A09839261CB6920098C5E1 /* archer.xml */ = {isa = PBXFileReference; fileEncoding = 4; lastKnownFileType = text.xml; path = archer.xml; sourceTree = "<group>"; };
		C9A0983A261CB6920098C5E1 /* builder.xml */ = {isa = PBXFileReference; fileEncoding = 4; lastKnownFileType = text.xml; path = builder.xml; sourceTree = "<group>"; };
		C9A0983B261CB6920098C5E1 /* horseman.xml */ = {isa = PBXFileReference; fileEncoding = 4; lastKnownFileType = text.xml; path = horseman.xml; sourceTree = "<group>"; };
		C9A0983C261CB6920098C5E1 /* pikeman.png */ = {isa = PBXFileReference; lastKnownFileType = image.png; path = pikeman.png; sourceTree = "<group>"; };
		C9A0983D261CB6920098C5E1 /* scout.png */ = {isa = PBXFileReference; lastKnownFileType = image.png; path = scout.png; sourceTree = "<group>"; };
		C9A0983F261CB6920098C5E1 /* archer.png */ = {isa = PBXFileReference; lastKnownFileType = image.png; path = archer.png; sourceTree = "<group>"; };
		C9A09840261CB6920098C5E1 /* warrior.xml */ = {isa = PBXFileReference; fileEncoding = 4; lastKnownFileType = text.xml; path = warrior.xml; sourceTree = "<group>"; };
		C9A09841261CB6920098C5E1 /* spearman.xml */ = {isa = PBXFileReference; fileEncoding = 4; lastKnownFileType = text.xml; path = spearman.xml; sourceTree = "<group>"; };
		C9A09842261CB6920098C5E1 /* long_swordman.xml */ = {isa = PBXFileReference; fileEncoding = 4; lastKnownFileType = text.xml; path = long_swordman.xml; sourceTree = "<group>"; };
		C9A09843261CB6920098C5E1 /* man_at_arms.xml */ = {isa = PBXFileReference; fileEncoding = 4; lastKnownFileType = text.xml; path = man_at_arms.xml; sourceTree = "<group>"; };
		C9A09844261CB6930098C5E1 /* scout.xml */ = {isa = PBXFileReference; fileEncoding = 4; lastKnownFileType = text.xml; path = scout.xml; sourceTree = "<group>"; };
		C9A09845261CB6930098C5E1 /* builder.png */ = {isa = PBXFileReference; lastKnownFileType = image.png; path = builder.png; sourceTree = "<group>"; };
		C9A25C1127023BD40071B186 /* prophet.xml */ = {isa = PBXFileReference; fileEncoding = 4; lastKnownFileType = text.xml; path = prophet.xml; sourceTree = "<group>"; };
		C9A25C1227023BD40071B186 /* prophet.png */ = {isa = PBXFileReference; lastKnownFileType = image.png; path = prophet.png; sourceTree = "<group>"; };
		C9A3760C263447390057923E /* TextureUtils.swift */ = {isa = PBXFileReference; lastKnownFileType = sourcecode.swift; path = TextureUtils.swift; sourceTree = "<group>"; };
		C9A37610263448AC0057923E /* Globals.swift */ = {isa = PBXFileReference; lastKnownFileType = sourcecode.swift; path = Globals.swift; sourceTree = "<group>"; };
		C9A5B5CC2588A50500836AEB /* MapTypeExtension.swift */ = {isa = PBXFileReference; lastKnownFileType = sourcecode.swift; path = MapTypeExtension.swift; sourceTree = "<group>"; };
		C9AB2C71257E6B350045DFBC /* MapSizeExtension.swift */ = {isa = PBXFileReference; lastKnownFileType = sourcecode.swift; path = MapSizeExtension.swift; sourceTree = "<group>"; };
		C9AC0FFE26DE67DB00B65288 /* PromotionState.swift */ = {isa = PBXFileReference; lastKnownFileType = sourcecode.swift; path = PromotionState.swift; sourceTree = "<group>"; };
		C9AC100026DE68A800B65288 /* UnitPromotionTypeExtension.swift */ = {isa = PBXFileReference; lastKnownFileType = sourcecode.swift; path = UnitPromotionTypeExtension.swift; sourceTree = "<group>"; };
		C9B60BF1269DCF6500F10177 /* PantheonTypeExtension.swift */ = {isa = PBXFileReference; lastKnownFileType = sourcecode.swift; path = PantheonTypeExtension.swift; sourceTree = "<group>"; };
		C9B71F11278F09210091BADD /* Religions.strings */ = {isa = PBXFileReference; lastKnownFileType = text.plist.strings; path = Religions.strings; sourceTree = "<group>"; };
		C9B806FC28259B34002DF8E4 /* arrow.slp */ = {isa = PBXFileReference; lastKnownFileType = file; path = arrow.slp; sourceTree = "<group>"; };
		C9B806FE2825BEC1002DF8E4 /* projectile.slp */ = {isa = PBXFileReference; lastKnownFileType = file; path = projectile.slp; sourceTree = "<group>"; };
		C9BB56D9276915FD00053AE7 /* Civics.strings */ = {isa = PBXFileReference; lastKnownFileType = text.plist.strings; path = Civics.strings; sourceTree = "<group>"; };
		C9BB56DB27692FE600053AE7 /* Civilizations.strings */ = {isa = PBXFileReference; lastKnownFileType = text.plist.strings; path = Civilizations.strings; sourceTree = "<group>"; };
		C9C1699827DCF61000E61088 /* Leaders.strings */ = {isa = PBXFileReference; lastKnownFileType = text.plist.strings; path = Leaders.strings; sourceTree = "<group>"; };
		C9C1699A27DCFC8200E61088 /* PlayerApproachTypeExtension.swift */ = {isa = PBXFileReference; lastKnownFileType = sourcecode.swift; path = PlayerApproachTypeExtension.swift; sourceTree = "<group>"; };
		C9C234A42768EEB400905C97 /* CityNames.strings */ = {isa = PBXFileReference; lastKnownFileType = text.plist.strings; path = CityNames.strings; sourceTree = "<group>"; };
		C9C8A7482785788200BC68CF /* DedicationTypeExtension.swift */ = {isa = PBXFileReference; lastKnownFileType = sourcecode.swift; path = DedicationTypeExtension.swift; sourceTree = "<group>"; };
		C9CAC8A1264BC4B200D0668D /* GovernmentState.swift */ = {isa = PBXFileReference; lastKnownFileType = sourcecode.swift; path = GovernmentState.swift; sourceTree = "<group>"; };
		C9CAC8A5264BD17000D0668D /* GovernmentTypeExtension.swift */ = {isa = PBXFileReference; lastKnownFileType = sourcecode.swift; path = GovernmentTypeExtension.swift; sourceTree = "<group>"; };
		C9CB34002761EB12008835D0 /* ContinentTypeExtension.swift */ = {isa = PBXFileReference; lastKnownFileType = sourcecode.swift; path = ContinentTypeExtension.swift; sourceTree = "<group>"; };
		C9CB992027C6C17D00946E77 /* merchant-walk.slp */ = {isa = PBXFileReference; lastKnownFileType = file; path = "merchant-walk.slp"; sourceTree = "<group>"; };
		C9CB992227C6C1F700946E77 /* SlpTextureAtlasLoader.swift */ = {isa = PBXFileReference; lastKnownFileType = sourcecode.swift; path = SlpTextureAtlasLoader.swift; sourceTree = "<group>"; };
		C9CB992427C6C34D00946E77 /* PixelBuffer.swift */ = {isa = PBXFileReference; lastKnownFileType = sourcecode.swift; path = PixelBuffer.swift; sourceTree = "<group>"; };
		C9CB992627C6C3BC00946E77 /* SlpFileExtension.swift */ = {isa = PBXFileReference; lastKnownFileType = sourcecode.swift; path = SlpFileExtension.swift; sourceTree = "<group>"; };
		C9CD3192278CB711002D53C4 /* Moments.strings */ = {isa = PBXFileReference; lastKnownFileType = text.plist.strings; path = Moments.strings; sourceTree = "<group>"; };
		C9CD3194278D6499002D53C4 /* MomentTypeExtension.swift */ = {isa = PBXFileReference; lastKnownFileType = sourcecode.swift; path = MomentTypeExtension.swift; sourceTree = "<group>"; };
		C9CD3196278D7571002D53C4 /* VictoryTypeExtension.swift */ = {isa = PBXFileReference; lastKnownFileType = sourcecode.swift; path = VictoryTypeExtension.swift; sourceTree = "<group>"; };
		C9D5D25226F8630A00009817 /* GovernorTypeExtension.swift */ = {isa = PBXFileReference; lastKnownFileType = sourcecode.swift; path = GovernorTypeExtension.swift; sourceTree = "<group>"; };
		C9E6762C27CC238C009514CB /* CityStates.strings */ = {isa = PBXFileReference; lastKnownFileType = text.plist.strings; path = CityStates.strings; sourceTree = "<group>"; };
		C9E80CC927C7BE350048216B /* caravane-walk.slp */ = {isa = PBXFileReference; lastKnownFileType = file; path = "caravane-walk.slp"; sourceTree = "<group>"; };
		C9E80CCA27C7BE360048216B /* caravane-idle.slp */ = {isa = PBXFileReference; lastKnownFileType = file; path = "caravane-idle.slp"; sourceTree = "<group>"; };
		C9E80CCD27C7C4B90048216B /* AOE1_50500.pal */ = {isa = PBXFileReference; fileEncoding = 4; lastKnownFileType = text; path = AOE1_50500.pal; sourceTree = "<group>"; };
		C9E80CCF27C7CCC70048216B /* merchant-idle.slp */ = {isa = PBXFileReference; lastKnownFileType = file; path = "merchant-idle.slp"; sourceTree = "<group>"; };
		C9E80CD127C7CCE60048216B /* AOE1_50500.pal */ = {isa = PBXFileReference; fileEncoding = 4; lastKnownFileType = text; path = AOE1_50500.pal; sourceTree = "<group>"; };
		C9E87BA6264C573200514B9A /* YieldTypeExtension.swift */ = {isa = PBXFileReference; lastKnownFileType = sourcecode.swift; path = YieldTypeExtension.swift; sourceTree = "<group>"; };
		C9E87BB8264DA63700514B9A /* TechTypeExtension.swift */ = {isa = PBXFileReference; lastKnownFileType = sourcecode.swift; path = TechTypeExtension.swift; sourceTree = "<group>"; };
		C9E87BBA264DAA7000514B9A /* CivicTypeExtension.swift */ = {isa = PBXFileReference; lastKnownFileType = sourcecode.swift; path = CivicTypeExtension.swift; sourceTree = "<group>"; };
		C9E87BBC264DB49100514B9A /* BuildingTypeExtension.swift */ = {isa = PBXFileReference; lastKnownFileType = sourcecode.swift; path = BuildingTypeExtension.swift; sourceTree = "<group>"; };
		C9E87BBE264DB4D600514B9A /* WonderTypeExtension.swift */ = {isa = PBXFileReference; lastKnownFileType = sourcecode.swift; path = WonderTypeExtension.swift; sourceTree = "<group>"; };
		C9E87BC0264DB54900514B9A /* DistrictTypeExtension.swift */ = {isa = PBXFileReference; lastKnownFileType = sourcecode.swift; path = DistrictTypeExtension.swift; sourceTree = "<group>"; };
		C9E87BC2264DB58100514B9A /* BuildTypeExtension.swift */ = {isa = PBXFileReference; lastKnownFileType = sourcecode.swift; path = BuildTypeExtension.swift; sourceTree = "<group>"; };
		C9EA3CD6281D3893005ECCFF /* MapMarkerTypeExtension.swift */ = {isa = PBXFileReference; lastKnownFileType = sourcecode.swift; path = MapMarkerTypeExtension.swift; sourceTree = "<group>"; };
		C9EA3CE42820FE74005ECCFF /* slinger-walk.slp */ = {isa = PBXFileReference; lastKnownFileType = file; path = "slinger-walk.slp"; sourceTree = "<group>"; };
		C9EA3CE52820FE75005ECCFF /* slinger-attack.slp */ = {isa = PBXFileReference; lastKnownFileType = file; path = "slinger-attack.slp"; sourceTree = "<group>"; };
		C9EA3CE62820FE76005ECCFF /* slinger-idle.slp */ = {isa = PBXFileReference; lastKnownFileType = file; path = "slinger-idle.slp"; sourceTree = "<group>"; };
		C9F9638C27C56DED00073CC7 /* SlpFile.swift */ = {isa = PBXFileReference; lastKnownFileType = sourcecode.swift; path = SlpFile.swift; sourceTree = "<group>"; };
		C9F9639D27C6422300073CC7 /* SlpLoadingTests.swift */ = {isa = PBXFileReference; lastKnownFileType = sourcecode.swift; path = SlpLoadingTests.swift; sourceTree = "<group>"; };
		C9F963A127C6429000073CC7 /* merchant-idle.slp */ = {isa = PBXFileReference; lastKnownFileType = file; path = "merchant-idle.slp"; sourceTree = "<group>"; };
		C9FD453627E7893500C3272F /* AccessLevelExtension.swift */ = {isa = PBXFileReference; lastKnownFileType = sourcecode.swift; path = AccessLevelExtension.swift; sourceTree = "<group>"; };
		C9FD453827E78DCC00C3272F /* IntelReportTypeExtension.swift */ = {isa = PBXFileReference; lastKnownFileType = sourcecode.swift; path = IntelReportTypeExtension.swift; sourceTree = "<group>"; };
		C9FD454027E8591500C3272F /* GossipExtension.swift */ = {isa = PBXFileReference; lastKnownFileType = sourcecode.swift; path = GossipExtension.swift; sourceTree = "<group>"; };
/* End PBXFileReference section */

/* Begin PBXFrameworksBuildPhase section */
		C903D05F274A5BE3003C50B9 /* Frameworks */ = {
			isa = PBXFrameworksBuildPhase;
			buildActionMask = 2147483647;
			files = (
				C903D066274A5BE4003C50B9 /* SmartAssets.framework in Frameworks */,
			);
			runOnlyForDeploymentPostprocessing = 0;
		};
		C931ADC22577D06D0002BA2F /* Frameworks */ = {
			isa = PBXFrameworksBuildPhase;
			buildActionMask = 2147483647;
			files = (
				C931ADD82577D0F80002BA2F /* SmartAILibrary.framework in Frameworks */,
			);
			runOnlyForDeploymentPostprocessing = 0;
		};
/* End PBXFrameworksBuildPhase section */

/* Begin PBXGroup section */
		C903D063274A5BE4003C50B9 /* SmartAssetsTests */ = {
			isa = PBXGroup;
			children = (
				C9F963A027C6425D00073CC7 /* Resources */,
				C903D064274A5BE4003C50B9 /* LabelTokenizerTests.swift */,
				C9F9639D27C6422300073CC7 /* SlpLoadingTests.swift */,
			);
			path = SmartAssetsTests;
			sourceTree = "<group>";
		};
		C931ADBB2577D06D0002BA2F = {
			isa = PBXGroup;
			children = (
				C931ADC72577D06D0002BA2F /* SmartAssets */,
				C903D063274A5BE4003C50B9 /* SmartAssetsTests */,
				C931ADC62577D06D0002BA2F /* Products */,
				C931ADD62577D0F80002BA2F /* Frameworks */,
			);
			sourceTree = "<group>";
		};
		C931ADC62577D06D0002BA2F /* Products */ = {
			isa = PBXGroup;
			children = (
				C931ADC52577D06D0002BA2F /* SmartAssets.framework */,
				C903D062274A5BE3003C50B9 /* SmartAssetsTests.xctest */,
			);
			name = Products;
			sourceTree = "<group>";
		};
		C931ADC72577D06D0002BA2F /* SmartAssets */ = {
			isa = PBXGroup;
			children = (
				C98E68BA25794C0E00BD93CA /* CheckScript.swift */,
				C9A0982A261CAD170098C5E1 /* Utils */,
				C98E68B42577D29600BD93CA /* Data */,
				C9CAC8A0264BC4A100D0668D /* UI */,
				C98E68B52577D8B400BD93CA /* Resources */,
				C931ADC82577D06D0002BA2F /* SmartAssets.h */,
				C931ADC92577D06D0002BA2F /* Info.plist */,
			);
			path = SmartAssets;
			sourceTree = "<group>";
		};
		C931ADD62577D0F80002BA2F /* Frameworks */ = {
			isa = PBXGroup;
			children = (
				C931ADD72577D0F80002BA2F /* SmartAILibrary.framework */,
			);
			name = Frameworks;
			sourceTree = "<group>";
		};
		C98E68B42577D29600BD93CA /* Data */ = {
			isa = PBXGroup;
			children = (
				C98E68AE2577D28E00BD93CA /* FeatureTypeExtension.swift */,
				C98E68AF2577D28E00BD93CA /* ResourceTypeExtension.swift */,
				C98E68B02577D28E00BD93CA /* TerrainTypeExtension.swift */,
				C9AB2C71257E6B350045DFBC /* MapSizeExtension.swift */,
				C9A5B5CC2588A50500836AEB /* MapTypeExtension.swift */,
				C925594B25F95F9800C2BF28 /* CivilizationTypeExtension.swift */,
				C9022F9F26093D5300C6773A /* LeaderTypeExtension.swift */,
				C9022FA12609D06A00C6773A /* HandicapTypeExtension.swift */,
				C9A09828261C80080098C5E1 /* UnitTypeExtension.swift */,
				C968F29C2639BA4F00612D0E /* ImprovementTypeExtension.swift */,
				C950F98F264573F20057A7D1 /* CommandTypeExtension.swift */,
				C950F9912647E2130057A7D1 /* NotificationTypeExtension.swift */,
				C950F99C26490A790057A7D1 /* PolicyCardsTypeExtension.swift */,
				C9CAC8A5264BD17000D0668D /* GovernmentTypeExtension.swift */,
				C9E87BA6264C573200514B9A /* YieldTypeExtension.swift */,
				C9E87BB8264DA63700514B9A /* TechTypeExtension.swift */,
				C9E87BBA264DAA7000514B9A /* CivicTypeExtension.swift */,
				C9E87BBC264DB49100514B9A /* BuildingTypeExtension.swift */,
				C9E87BBE264DB4D600514B9A /* WonderTypeExtension.swift */,
				C9E87BC0264DB54900514B9A /* DistrictTypeExtension.swift */,
				C9E87BC2264DB58100514B9A /* BuildTypeExtension.swift */,
				C9B60BF1269DCF6500F10177 /* PantheonTypeExtension.swift */,
				C971FDD6270A41A800F818EE /* ReligionTypeExtension.swift */,
				C9755FEE270AE92400C9CAB7 /* BeliefTypeExtension.swift */,
				C9AC100026DE68A800B65288 /* UnitPromotionTypeExtension.swift */,
				C980E77226E0C60F0089053A /* CombatResultTypeExtension.swift */,
				C9941EFB26E8FF6600D029D7 /* BuildableItemExtension.swift */,
				C939254626F0E66B00E51921 /* CityExtension.swift */,
				C9D5D25226F8630A00009817 /* GovernorTypeExtension.swift */,
				C9A05EE927019D3A008ACFA3 /* GovernorTitleTypeExtension.swift */,
				C9754D55275E18AC000A1B70 /* AppealLevelExtension.swift */,
				C9754D57275E3BA7000A1B70 /* CitySiteEvaluationTypeExtension.swift */,
				C9754D5B275F3A0F000A1B70 /* MapLensTypeExtension.swift */,
				C9CB34002761EB12008835D0 /* ContinentTypeExtension.swift */,
				C9C8A7482785788200BC68CF /* DedicationTypeExtension.swift */,
				C963AD11278627BC00981EF3 /* AgeTypeExtension.swift */,
				C9CD3194278D6499002D53C4 /* MomentTypeExtension.swift */,
				C9CD3196278D7571002D53C4 /* VictoryTypeExtension.swift */,
				C95AB2F327CD3D3B00EF5C61 /* CityStateTypeExtension.swift */,
				C97ACD0227D673A000AD0721 /* CityStateQuestExtension.swift */,
				C92D6B8F27D9D8A3002EA5C5 /* DiplomaticRequestMessageExtension.swift */,
				C9C1699A27DCFC8200E61088 /* PlayerApproachTypeExtension.swift */,
				C9FD453627E7893500C3272F /* AccessLevelExtension.swift */,
				C9FD453827E78DCC00C3272F /* IntelReportTypeExtension.swift */,
				C9FD454027E8591500C3272F /* GossipExtension.swift */,
				C9EA3CD6281D3893005ECCFF /* MapMarkerTypeExtension.swift */,
			);
			path = Data;
			sourceTree = "<group>";
		};
		C98E68B52577D8B400BD93CA /* Resources */ = {
			isa = PBXGroup;
			children = (
				C9F9638E27C57A4000073CC7 /* Slps */,
				C9A0982D261CB67B0098C5E1 /* Units */,
				C98E68B62577D8C900BD93CA /* Tiles.xcassets */,
				C9022F952608ED1500C6773A /* Icons.xcassets */,
				C988EAE6261B916800300C39 /* Units.xcassets */,
				C9BB56DD276930AD00053AE7 /* Strings */,
			);
			path = Resources;
			sourceTree = "<group>";
		};
		C9A0982A261CAD170098C5E1 /* Utils */ = {
			isa = PBXGroup;
			children = (
				C9CB992427C6C34D00946E77 /* PixelBuffer.swift */,
				C931ADD12577D0E30002BA2F /* Textures.swift */,
				C9A3760C263447390057923E /* TextureUtils.swift */,
				C931ADE22577D1510002BA2F /* ArrayExtension.swift */,
				C925594925F9569700C2BF28 /* ColorExtension.swift */,
				C9A0982B261CAD3B0098C5E1 /* NSImageExtension.swift */,
				C952B9AB261E3930008822DD /* ObjectTextureAtlas.swift */,
				C952B9AD261E396F008822DD /* TextureAtlasExtension.swift */,
				C9A37610263448AC0057923E /* Globals.swift */,
				C950F99E2649290A0057A7D1 /* StringExtension.swift */,
				C91B484D26E615BE002157C4 /* ImageCache.swift */,
				C903D06C274A5BF7003C50B9 /* LabelTokenizer.swift */,
				C9F9638C27C56DED00073CC7 /* SlpFile.swift */,
				C9CB992627C6C3BC00946E77 /* SlpFileExtension.swift */,
				C9CB992227C6C1F700946E77 /* SlpTextureAtlasLoader.swift */,
			);
			path = Utils;
			sourceTree = "<group>";
		};
		C9A0982D261CB67B0098C5E1 /* Units */ = {
			isa = PBXGroup;
			children = (
				C9A25C1227023BD40071B186 /* prophet.png */,
				C9A25C1127023BD40071B186 /* prophet.xml */,
				C9A0983F261CB6920098C5E1 /* archer.png */,
				C9A09839261CB6920098C5E1 /* archer.xml */,
				C9A09845261CB6930098C5E1 /* builder.png */,
				C9A0983A261CB6920098C5E1 /* builder.xml */,
				C9A09836261CB6920098C5E1 /* crossbowman.png */,
				C9A09835261CB6920098C5E1 /* crossbowman.xml */,
				C9A0982F261CB6910098C5E1 /* horseman.png */,
				C9A0983B261CB6920098C5E1 /* horseman.xml */,
				C9A09838261CB6920098C5E1 /* knight.png */,
				C9A0982E261CB6910098C5E1 /* knight.xml */,
				C9A09837261CB6920098C5E1 /* long_swordman.png */,
				C9A09842261CB6920098C5E1 /* long_swordman.xml */,
				C9A09831261CB6910098C5E1 /* man_at_arms.png */,
				C9A09843261CB6920098C5E1 /* man_at_arms.xml */,
				C9A0983C261CB6920098C5E1 /* pikeman.png */,
				C9A09832261CB6910098C5E1 /* pikeman.xml */,
				C9A0983D261CB6920098C5E1 /* scout.png */,
				C9A09844261CB6930098C5E1 /* scout.xml */,
				C9A09830261CB6910098C5E1 /* spearman.png */,
				C9A09841261CB6920098C5E1 /* spearman.xml */,
				C9A09834261CB6920098C5E1 /* warrior.png */,
				C9A09840261CB6920098C5E1 /* warrior.xml */,
			);
			path = Units;
			sourceTree = "<group>";
		};
		C9BB56DD276930AD00053AE7 /* Strings */ = {
			isa = PBXGroup;
			children = (
				C91C92A9276533EB009A1167 /* Localizable.strings */,
				C9C234A42768EEB400905C97 /* CityNames.strings */,
				C9E6762C27CC238C009514CB /* CityStates.strings */,
				C9BB56D9276915FD00053AE7 /* Civics.strings */,
				C963AD0F2785E27100981EF3 /* Techs.strings */,
				C9BB56DB27692FE600053AE7 /* Civilizations.strings */,
				C932BA832774AC4E00F4640D /* Dedications.strings */,
				C9CD3192278CB711002D53C4 /* Moments.strings */,
				C9B71F11278F09210091BADD /* Religions.strings */,
				C970A5F32794841F00381603 /* Governments.strings */,
				C970A5F52794876300381603 /* Wonders.strings */,
				C92D6B8D27D9D88A002EA5C5 /* Diplomacy.strings */,
				C9C1699827DCF61000E61088 /* Leaders.strings */,
			);
			path = Strings;
			sourceTree = "<group>";
		};
		C9CAC8A0264BC4A100D0668D /* UI */ = {
			isa = PBXGroup;
			children = (
				C9CAC8A1264BC4B200D0668D /* GovernmentState.swift */,
				C9AC0FFE26DE67DB00B65288 /* PromotionState.swift */,
				C91B484F26E61AED002157C4 /* HeaderButtonType.swift */,
				C9941EFD26E9EC6E00D029D7 /* CityCommandType.swift */,
			);
			path = UI;
			sourceTree = "<group>";
		};
		C9F9638E27C57A4000073CC7 /* Slps */ = {
			isa = PBXGroup;
			children = (
				C9E80CD127C7CCE60048216B /* AOE1_50500.pal */,
				C9B806FC28259B34002DF8E4 /* arrow.slp */,
				C9B806FE2825BEC1002DF8E4 /* projectile.slp */,
				C9E80CCA27C7BE360048216B /* caravane-idle.slp */,
				C9E80CC927C7BE350048216B /* caravane-walk.slp */,
				C9E80CCF27C7CCC70048216B /* merchant-idle.slp */,
				C9CB992027C6C17D00946E77 /* merchant-walk.slp */,
				C9EA3CE52820FE75005ECCFF /* slinger-attack.slp */,
				C9EA3CE62820FE76005ECCFF /* slinger-idle.slp */,
				C9EA3CE42820FE74005ECCFF /* slinger-walk.slp */,
			);
			path = Slps;
			sourceTree = "<group>";
		};
		C9F963A027C6425D00073CC7 /* Resources */ = {
			isa = PBXGroup;
			children = (
				C9E80CCD27C7C4B90048216B /* AOE1_50500.pal */,
				C98115E127F9866900BFA5FD /* caravane-idle.slp */,
				C9F963A127C6429000073CC7 /* merchant-idle.slp */,
			);
			path = Resources;
			sourceTree = "<group>";
		};
/* End PBXGroup section */

/* Begin PBXHeadersBuildPhase section */
		C931ADC02577D06D0002BA2F /* Headers */ = {
			isa = PBXHeadersBuildPhase;
			buildActionMask = 2147483647;
			files = (
				C931ADCA2577D06D0002BA2F /* SmartAssets.h in Headers */,
			);
			runOnlyForDeploymentPostprocessing = 0;
		};
/* End PBXHeadersBuildPhase section */

/* Begin PBXNativeTarget section */
		C903D061274A5BE3003C50B9 /* SmartAssetsTests */ = {
			isa = PBXNativeTarget;
			buildConfigurationList = C903D06B274A5BE4003C50B9 /* Build configuration list for PBXNativeTarget "SmartAssetsTests" */;
			buildPhases = (
				C903D05E274A5BE3003C50B9 /* Sources */,
				C903D05F274A5BE3003C50B9 /* Frameworks */,
				C903D060274A5BE3003C50B9 /* Resources */,
			);
			buildRules = (
			);
			dependencies = (
				C903D068274A5BE4003C50B9 /* PBXTargetDependency */,
			);
			name = SmartAssetsTests;
			productName = SmartAssetsTests;
			productReference = C903D062274A5BE3003C50B9 /* SmartAssetsTests.xctest */;
			productType = "com.apple.product-type.bundle.unit-test";
		};
		C931ADC42577D06D0002BA2F /* SmartAssets */ = {
			isa = PBXNativeTarget;
			buildConfigurationList = C931ADCD2577D06D0002BA2F /* Build configuration list for PBXNativeTarget "SmartAssets" */;
			buildPhases = (
				C931ADC02577D06D0002BA2F /* Headers */,
				C931ADC12577D06D0002BA2F /* Sources */,
				C931ADC22577D06D0002BA2F /* Frameworks */,
				C931ADC32577D06D0002BA2F /* Resources */,
				C931ADDA2577D0F80002BA2F /* Embed Frameworks */,
				C977C0BE26D8C7CA00E91446 /* ShellScript */,
			);
			buildRules = (
			);
			dependencies = (
			);
			name = SmartAssets;
			productName = SmartAssets;
			productReference = C931ADC52577D06D0002BA2F /* SmartAssets.framework */;
			productType = "com.apple.product-type.framework";
		};
/* End PBXNativeTarget section */

/* Begin PBXProject section */
		C931ADBC2577D06D0002BA2F /* Project object */ = {
			isa = PBXProject;
			attributes = {
				LastSwiftUpdateCheck = 1300;
				LastUpgradeCheck = 1320;
				TargetAttributes = {
					C903D061274A5BE3003C50B9 = {
						CreatedOnToolsVersion = 13.0;
					};
					C931ADC42577D06D0002BA2F = {
						CreatedOnToolsVersion = 12.2;
					};
				};
			};
			buildConfigurationList = C931ADBF2577D06D0002BA2F /* Build configuration list for PBXProject "SmartAssets" */;
			compatibilityVersion = "Xcode 9.3";
			developmentRegion = en;
			hasScannedForEncodings = 0;
			knownRegions = (
				en,
				Base,
			);
			mainGroup = C931ADBB2577D06D0002BA2F;
			productRefGroup = C931ADC62577D06D0002BA2F /* Products */;
			projectDirPath = "";
			projectRoot = "";
			targets = (
				C931ADC42577D06D0002BA2F /* SmartAssets */,
				C903D061274A5BE3003C50B9 /* SmartAssetsTests */,
			);
		};
/* End PBXProject section */

/* Begin PBXResourcesBuildPhase section */
		C903D060274A5BE3003C50B9 /* Resources */ = {
			isa = PBXResourcesBuildPhase;
			buildActionMask = 2147483647;
			files = (
				C9E80CCE27C7C4B90048216B /* AOE1_50500.pal in Resources */,
				C98115E327F9868F00BFA5FD /* caravane-idle.slp in Resources */,
				C9F963A227C6429000073CC7 /* merchant-idle.slp in Resources */,
			);
			runOnlyForDeploymentPostprocessing = 0;
		};
		C931ADC32577D06D0002BA2F /* Resources */ = {
			isa = PBXResourcesBuildPhase;
			buildActionMask = 2147483647;
			files = (
				C9E6762D27CC238C009514CB /* CityStates.strings in Resources */,
				C9C1699927DCF61000E61088 /* Leaders.strings in Resources */,
				C9B807002825BEC3002DF8E4 /* projectile.slp in Resources */,
				C9A0984E261CB6930098C5E1 /* crossbowman.png in Resources */,
				C9A09852261CB6930098C5E1 /* builder.xml in Resources */,
				C9A09859261CB6930098C5E1 /* spearman.xml in Resources */,
				C9A25C1327023BD50071B186 /* prophet.xml in Resources */,
				C9A09851261CB6930098C5E1 /* archer.xml in Resources */,
				C9EA3CE72820FE77005ECCFF /* slinger-walk.slp in Resources */,
				C9BB56DC27692FE600053AE7 /* Civilizations.strings in Resources */,
				C988EAE7261B916800300C39 /* Units.xcassets in Resources */,
				C9022F962608ED1500C6773A /* Icons.xcassets in Resources */,
				C9BB56DA276915FD00053AE7 /* Civics.strings in Resources */,
				C9E80CD027C7CCC70048216B /* merchant-idle.slp in Resources */,
				C9B806FD28259B34002DF8E4 /* arrow.slp in Resources */,
				C9C234A52768EEB400905C97 /* CityNames.strings in Resources */,
				C970A5F62794876300381603 /* Wonders.strings in Resources */,
				C9CD3193278CB711002D53C4 /* Moments.strings in Resources */,
				C9E80CCB27C7BE360048216B /* caravane-walk.slp in Resources */,
				C9A09855261CB6930098C5E1 /* scout.png in Resources */,
				C9A0985B261CB6930098C5E1 /* man_at_arms.xml in Resources */,
				C9A0985C261CB6930098C5E1 /* scout.xml in Resources */,
				C9A09850261CB6930098C5E1 /* knight.png in Resources */,
				C9A0985A261CB6930098C5E1 /* long_swordman.xml in Resources */,
				C963AD102785E27100981EF3 /* Techs.strings in Resources */,
				C9A25C1427023BD50071B186 /* prophet.png in Resources */,
				C9A09848261CB6930098C5E1 /* spearman.png in Resources */,
				C9E80CD227C7CCE60048216B /* AOE1_50500.pal in Resources */,
				C9A09847261CB6930098C5E1 /* horseman.png in Resources */,
				C932BA842774AC4E00F4640D /* Dedications.strings in Resources */,
				C9A0984F261CB6930098C5E1 /* long_swordman.png in Resources */,
				C9CB992127C6C17D00946E77 /* merchant-walk.slp in Resources */,
				C9A09853261CB6930098C5E1 /* horseman.xml in Resources */,
				C970A5F42794841F00381603 /* Governments.strings in Resources */,
				C91C92AA276533EB009A1167 /* Localizable.strings in Resources */,
				C9EA3CE82820FE77005ECCFF /* slinger-attack.slp in Resources */,
				C9A09857261CB6930098C5E1 /* archer.png in Resources */,
				C9A09849261CB6930098C5E1 /* man_at_arms.png in Resources */,
				C9A0984C261CB6930098C5E1 /* warrior.png in Resources */,
				C9A09854261CB6930098C5E1 /* pikeman.png in Resources */,
				C9B71F12278F09210091BADD /* Religions.strings in Resources */,
				C9A0985D261CB6930098C5E1 /* builder.png in Resources */,
				C9A0984D261CB6930098C5E1 /* crossbowman.xml in Resources */,
				C9A09846261CB6930098C5E1 /* knight.xml in Resources */,
				C98E68B72577D8C900BD93CA /* Tiles.xcassets in Resources */,
				C9A09858261CB6930098C5E1 /* warrior.xml in Resources */,
				C9EA3CE92820FE77005ECCFF /* slinger-idle.slp in Resources */,
				C9E80CCC27C7BE360048216B /* caravane-idle.slp in Resources */,
				C9A0984A261CB6930098C5E1 /* pikeman.xml in Resources */,
				C92D6B8E27D9D88A002EA5C5 /* Diplomacy.strings in Resources */,
			);
			runOnlyForDeploymentPostprocessing = 0;
		};
/* End PBXResourcesBuildPhase section */

/* Begin PBXShellScriptBuildPhase section */
		C977C0BE26D8C7CA00E91446 /* ShellScript */ = {
			isa = PBXShellScriptBuildPhase;
			buildActionMask = 2147483647;
			files = (
			);
			inputFileListPaths = (
			);
			inputPaths = (
			);
			outputFileListPaths = (
			);
			outputPaths = (
			);
			runOnlyForDeploymentPostprocessing = 0;
			shellPath = /bin/sh;
			shellScript = "# Type a script or drag a script file from your workspace to insert its path.\n# Type a script or drag a script file from your workspace to insert its path.\nif which swiftlint >/dev/null; then\n  swiftlint --config ../.swiftlint.yml\nelse\n  echo \"warning: SwiftLint not installed, download from https://github.com/realm/SwiftLint\"\nfi\n";
		};
/* End PBXShellScriptBuildPhase section */

/* Begin PBXSourcesBuildPhase section */
		C903D05E274A5BE3003C50B9 /* Sources */ = {
			isa = PBXSourcesBuildPhase;
			buildActionMask = 2147483647;
			files = (
				C9F9639F27C6423800073CC7 /* SlpLoadingTests.swift in Sources */,
				C903D065274A5BE4003C50B9 /* LabelTokenizerTests.swift in Sources */,
			);
			runOnlyForDeploymentPostprocessing = 0;
		};
		C931ADC12577D06D0002BA2F /* Sources */ = {
			isa = PBXSourcesBuildPhase;
			buildActionMask = 2147483647;
			files = (
				C950F99D26490A790057A7D1 /* PolicyCardsTypeExtension.swift in Sources */,
				C9CD3197278D7571002D53C4 /* VictoryTypeExtension.swift in Sources */,
				C931ADD22577D0E30002BA2F /* Textures.swift in Sources */,
				C9E87BC3264DB58100514B9A /* BuildTypeExtension.swift in Sources */,
				C963AD12278627BD00981EF3 /* AgeTypeExtension.swift in Sources */,
				C91B485026E61AED002157C4 /* HeaderButtonType.swift in Sources */,
				C9022FA22609D06A00C6773A /* HandicapTypeExtension.swift in Sources */,
				C971FDD7270A41A800F818EE /* ReligionTypeExtension.swift in Sources */,
				C98E68B22577D28E00BD93CA /* ResourceTypeExtension.swift in Sources */,
				C9A0982C261CAD3B0098C5E1 /* NSImageExtension.swift in Sources */,
				C968F29D2639BA4F00612D0E /* ImprovementTypeExtension.swift in Sources */,
				C9A37611263448AC0057923E /* Globals.swift in Sources */,
				C931ADE32577D1510002BA2F /* ArrayExtension.swift in Sources */,
				C952B9AE261E396F008822DD /* TextureAtlasExtension.swift in Sources */,
				C925594A25F9569700C2BF28 /* ColorExtension.swift in Sources */,
				C950F990264573F30057A7D1 /* CommandTypeExtension.swift in Sources */,
				C9CB992527C6C34D00946E77 /* PixelBuffer.swift in Sources */,
				C9A09829261C80080098C5E1 /* UnitTypeExtension.swift in Sources */,
				C9AB2C72257E6B350045DFBC /* MapSizeExtension.swift in Sources */,
				C98E68B32577D28E00BD93CA /* TerrainTypeExtension.swift in Sources */,
				C9CB992727C6C3BC00946E77 /* SlpFileExtension.swift in Sources */,
				C9E87BA7264C573200514B9A /* YieldTypeExtension.swift in Sources */,
				C925594C25F95F9800C2BF28 /* CivilizationTypeExtension.swift in Sources */,
				C98E68B12577D28E00BD93CA /* FeatureTypeExtension.swift in Sources */,
				C9754D5C275F3A0F000A1B70 /* MapLensTypeExtension.swift in Sources */,
				C9AC100126DE68A800B65288 /* UnitPromotionTypeExtension.swift in Sources */,
				C9B60BF2269DCF6500F10177 /* PantheonTypeExtension.swift in Sources */,
				C9E87BBB264DAA7000514B9A /* CivicTypeExtension.swift in Sources */,
				C9022FA026093D5300C6773A /* LeaderTypeExtension.swift in Sources */,
				C903D06D274A5BF7003C50B9 /* LabelTokenizer.swift in Sources */,
				C9C1699B27DCFC8200E61088 /* PlayerApproachTypeExtension.swift in Sources */,
				C9E87BBD264DB49100514B9A /* BuildingTypeExtension.swift in Sources */,
				C9FD453927E78DCC00C3272F /* IntelReportTypeExtension.swift in Sources */,
				C92D6B9027D9D8A3002EA5C5 /* DiplomaticRequestMessageExtension.swift in Sources */,
				C9FD454127E8591500C3272F /* GossipExtension.swift in Sources */,
				C9CB992327C6C1F700946E77 /* SlpTextureAtlasLoader.swift in Sources */,
				C9CB34012761EB12008835D0 /* ContinentTypeExtension.swift in Sources */,
				C97ACD0327D673A000AD0721 /* CityStateQuestExtension.swift in Sources */,
				C9E87BBF264DB4D600514B9A /* WonderTypeExtension.swift in Sources */,
				C95AB2F427CD3D3B00EF5C61 /* CityStateTypeExtension.swift in Sources */,
				C9EA3CD7281D3893005ECCFF /* MapMarkerTypeExtension.swift in Sources */,
				C9C8A7492785788200BC68CF /* DedicationTypeExtension.swift in Sources */,
				C9754D56275E18AC000A1B70 /* AppealLevelExtension.swift in Sources */,
				C9CAC8A2264BC4B200D0668D /* GovernmentState.swift in Sources */,
				C950F9922647E2140057A7D1 /* NotificationTypeExtension.swift in Sources */,
				C9941EFC26E8FF6600D029D7 /* BuildableItemExtension.swift in Sources */,
				C9AC0FFF26DE67DB00B65288 /* PromotionState.swift in Sources */,
				C952B9AC261E3930008822DD /* ObjectTextureAtlas.swift in Sources */,
				C9754D58275E3BA7000A1B70 /* CitySiteEvaluationTypeExtension.swift in Sources */,
				C9E87BC1264DB54900514B9A /* DistrictTypeExtension.swift in Sources */,
				C9CD3195278D6499002D53C4 /* MomentTypeExtension.swift in Sources */,
				C9FD453727E7893500C3272F /* AccessLevelExtension.swift in Sources */,
				C9D5D25326F8630A00009817 /* GovernorTypeExtension.swift in Sources */,
				C9CAC8A6264BD17000D0668D /* GovernmentTypeExtension.swift in Sources */,
				C9F9638D27C56DED00073CC7 /* SlpFile.swift in Sources */,
				C9755FEF270AE92400C9CAB7 /* BeliefTypeExtension.swift in Sources */,
				C91B484E26E615BE002157C4 /* ImageCache.swift in Sources */,
				C9A05EEA27019D3A008ACFA3 /* GovernorTitleTypeExtension.swift in Sources */,
				C9A5B5CD2588A50500836AEB /* MapTypeExtension.swift in Sources */,
				C950F99F2649290A0057A7D1 /* StringExtension.swift in Sources */,
				C9A3760D263447390057923E /* TextureUtils.swift in Sources */,
				C939254726F0E66B00E51921 /* CityExtension.swift in Sources */,
				C9E87BB9264DA63700514B9A /* TechTypeExtension.swift in Sources */,
				C980E77326E0C60F0089053A /* CombatResultTypeExtension.swift in Sources */,
				C9941EFE26E9EC6E00D029D7 /* CityCommandType.swift in Sources */,
			);
			runOnlyForDeploymentPostprocessing = 0;
		};
/* End PBXSourcesBuildPhase section */

/* Begin PBXTargetDependency section */
		C903D068274A5BE4003C50B9 /* PBXTargetDependency */ = {
			isa = PBXTargetDependency;
			platformFilter = ios;
			target = C931ADC42577D06D0002BA2F /* SmartAssets */;
			targetProxy = C903D067274A5BE4003C50B9 /* PBXContainerItemProxy */;
		};
/* End PBXTargetDependency section */

/* Begin XCBuildConfiguration section */
		C903D069274A5BE4003C50B9 /* Debug */ = {
			isa = XCBuildConfiguration;
			buildSettings = {
				CLANG_CXX_LANGUAGE_STANDARD = "gnu++17";
				CODE_SIGN_IDENTITY = "-";
				CODE_SIGN_STYLE = Automatic;
				COMBINE_HIDPI_IMAGES = YES;
				CURRENT_PROJECT_VERSION = 1;
				DEVELOPMENT_TEAM = 56RR42EQK6;
				GENERATE_INFOPLIST_FILE = YES;
				LD_RUNPATH_SEARCH_PATHS = (
					"$(inherited)",
					"@executable_path/../Frameworks",
					"@loader_path/../Frameworks",
				);
				MARKETING_VERSION = 1.0;
				PRODUCT_BUNDLE_IDENTIFIER = com.miro.SmartAssetsTests;
				PRODUCT_NAME = "$(TARGET_NAME)";
				SWIFT_EMIT_LOC_STRINGS = NO;
				SWIFT_VERSION = 5.0;
			};
			name = Debug;
		};
		C903D06A274A5BE4003C50B9 /* Release */ = {
			isa = XCBuildConfiguration;
			buildSettings = {
				CLANG_CXX_LANGUAGE_STANDARD = "gnu++17";
				CODE_SIGN_IDENTITY = "-";
				CODE_SIGN_STYLE = Automatic;
				COMBINE_HIDPI_IMAGES = YES;
				CURRENT_PROJECT_VERSION = 1;
				DEVELOPMENT_TEAM = 56RR42EQK6;
				GENERATE_INFOPLIST_FILE = YES;
				LD_RUNPATH_SEARCH_PATHS = (
					"$(inherited)",
					"@executable_path/../Frameworks",
					"@loader_path/../Frameworks",
				);
				MARKETING_VERSION = 1.0;
				PRODUCT_BUNDLE_IDENTIFIER = com.miro.SmartAssetsTests;
				PRODUCT_NAME = "$(TARGET_NAME)";
				SWIFT_EMIT_LOC_STRINGS = NO;
				SWIFT_VERSION = 5.0;
			};
			name = Release;
		};
		C931ADCB2577D06D0002BA2F /* Debug */ = {
			isa = XCBuildConfiguration;
			buildSettings = {
				ALWAYS_SEARCH_USER_PATHS = NO;
				CLANG_ANALYZER_NONNULL = YES;
				CLANG_ANALYZER_NUMBER_OBJECT_CONVERSION = YES_AGGRESSIVE;
				CLANG_CXX_LANGUAGE_STANDARD = "gnu++14";
				CLANG_CXX_LIBRARY = "libc++";
				CLANG_ENABLE_MODULES = YES;
				CLANG_ENABLE_OBJC_ARC = YES;
				CLANG_ENABLE_OBJC_WEAK = YES;
				CLANG_WARN_BLOCK_CAPTURE_AUTORELEASING = YES;
				CLANG_WARN_BOOL_CONVERSION = YES;
				CLANG_WARN_COMMA = YES;
				CLANG_WARN_CONSTANT_CONVERSION = YES;
				CLANG_WARN_DEPRECATED_OBJC_IMPLEMENTATIONS = YES;
				CLANG_WARN_DIRECT_OBJC_ISA_USAGE = YES_ERROR;
				CLANG_WARN_DOCUMENTATION_COMMENTS = YES;
				CLANG_WARN_EMPTY_BODY = YES;
				CLANG_WARN_ENUM_CONVERSION = YES;
				CLANG_WARN_INFINITE_RECURSION = YES;
				CLANG_WARN_INT_CONVERSION = YES;
				CLANG_WARN_NON_LITERAL_NULL_CONVERSION = YES;
				CLANG_WARN_OBJC_IMPLICIT_RETAIN_SELF = YES;
				CLANG_WARN_OBJC_LITERAL_CONVERSION = YES;
				CLANG_WARN_OBJC_ROOT_CLASS = YES_ERROR;
				CLANG_WARN_QUOTED_INCLUDE_IN_FRAMEWORK_HEADER = YES;
				CLANG_WARN_RANGE_LOOP_ANALYSIS = YES;
				CLANG_WARN_STRICT_PROTOTYPES = YES;
				CLANG_WARN_SUSPICIOUS_MOVE = YES;
				CLANG_WARN_UNGUARDED_AVAILABILITY = YES_AGGRESSIVE;
				CLANG_WARN_UNREACHABLE_CODE = YES;
				CLANG_WARN__DUPLICATE_METHOD_MATCH = YES;
				COPY_PHASE_STRIP = NO;
				CURRENT_PROJECT_VERSION = 1;
				DEBUG_INFORMATION_FORMAT = dwarf;
				ENABLE_STRICT_OBJC_MSGSEND = YES;
				ENABLE_TESTABILITY = YES;
				GCC_C_LANGUAGE_STANDARD = gnu11;
				GCC_DYNAMIC_NO_PIC = NO;
				GCC_NO_COMMON_BLOCKS = YES;
				GCC_OPTIMIZATION_LEVEL = 0;
				GCC_PREPROCESSOR_DEFINITIONS = (
					"DEBUG=1",
					"$(inherited)",
				);
				GCC_WARN_64_TO_32_BIT_CONVERSION = YES;
				GCC_WARN_ABOUT_RETURN_TYPE = YES_ERROR;
				GCC_WARN_UNDECLARED_SELECTOR = YES;
				GCC_WARN_UNINITIALIZED_AUTOS = YES_AGGRESSIVE;
				GCC_WARN_UNUSED_FUNCTION = YES;
				GCC_WARN_UNUSED_VARIABLE = YES;
				IPHONEOS_DEPLOYMENT_TARGET = 14.2;
				MACOSX_DEPLOYMENT_TARGET = 12.0;
				MTL_ENABLE_DEBUG_INFO = INCLUDE_SOURCE;
				MTL_FAST_MATH = YES;
				ONLY_ACTIVE_ARCH = YES;
				SDKROOT = macosx;
				SUPPORTED_PLATFORMS = "macosx iphoneos iphonesimulator";
				SWIFT_ACTIVE_COMPILATION_CONDITIONS = DEBUG;
				SWIFT_OPTIMIZATION_LEVEL = "-Onone";
				VERSIONING_SYSTEM = "apple-generic";
				VERSION_INFO_PREFIX = "";
			};
			name = Debug;
		};
		C931ADCC2577D06D0002BA2F /* Release */ = {
			isa = XCBuildConfiguration;
			buildSettings = {
				ALWAYS_SEARCH_USER_PATHS = NO;
				CLANG_ANALYZER_NONNULL = YES;
				CLANG_ANALYZER_NUMBER_OBJECT_CONVERSION = YES_AGGRESSIVE;
				CLANG_CXX_LANGUAGE_STANDARD = "gnu++14";
				CLANG_CXX_LIBRARY = "libc++";
				CLANG_ENABLE_MODULES = YES;
				CLANG_ENABLE_OBJC_ARC = YES;
				CLANG_ENABLE_OBJC_WEAK = YES;
				CLANG_WARN_BLOCK_CAPTURE_AUTORELEASING = YES;
				CLANG_WARN_BOOL_CONVERSION = YES;
				CLANG_WARN_COMMA = YES;
				CLANG_WARN_CONSTANT_CONVERSION = YES;
				CLANG_WARN_DEPRECATED_OBJC_IMPLEMENTATIONS = YES;
				CLANG_WARN_DIRECT_OBJC_ISA_USAGE = YES_ERROR;
				CLANG_WARN_DOCUMENTATION_COMMENTS = YES;
				CLANG_WARN_EMPTY_BODY = YES;
				CLANG_WARN_ENUM_CONVERSION = YES;
				CLANG_WARN_INFINITE_RECURSION = YES;
				CLANG_WARN_INT_CONVERSION = YES;
				CLANG_WARN_NON_LITERAL_NULL_CONVERSION = YES;
				CLANG_WARN_OBJC_IMPLICIT_RETAIN_SELF = YES;
				CLANG_WARN_OBJC_LITERAL_CONVERSION = YES;
				CLANG_WARN_OBJC_ROOT_CLASS = YES_ERROR;
				CLANG_WARN_QUOTED_INCLUDE_IN_FRAMEWORK_HEADER = YES;
				CLANG_WARN_RANGE_LOOP_ANALYSIS = YES;
				CLANG_WARN_STRICT_PROTOTYPES = YES;
				CLANG_WARN_SUSPICIOUS_MOVE = YES;
				CLANG_WARN_UNGUARDED_AVAILABILITY = YES_AGGRESSIVE;
				CLANG_WARN_UNREACHABLE_CODE = YES;
				CLANG_WARN__DUPLICATE_METHOD_MATCH = YES;
				COPY_PHASE_STRIP = NO;
				CURRENT_PROJECT_VERSION = 1;
				DEBUG_INFORMATION_FORMAT = "dwarf-with-dsym";
				ENABLE_NS_ASSERTIONS = NO;
				ENABLE_STRICT_OBJC_MSGSEND = YES;
				GCC_C_LANGUAGE_STANDARD = gnu11;
				GCC_NO_COMMON_BLOCKS = YES;
				GCC_WARN_64_TO_32_BIT_CONVERSION = YES;
				GCC_WARN_ABOUT_RETURN_TYPE = YES_ERROR;
				GCC_WARN_UNDECLARED_SELECTOR = YES;
				GCC_WARN_UNINITIALIZED_AUTOS = YES_AGGRESSIVE;
				GCC_WARN_UNUSED_FUNCTION = YES;
				GCC_WARN_UNUSED_VARIABLE = YES;
				IPHONEOS_DEPLOYMENT_TARGET = 14.2;
				MACOSX_DEPLOYMENT_TARGET = 12.0;
				MTL_ENABLE_DEBUG_INFO = NO;
				MTL_FAST_MATH = YES;
				SDKROOT = macosx;
				SUPPORTED_PLATFORMS = "macosx iphoneos iphonesimulator";
				SWIFT_COMPILATION_MODE = wholemodule;
				SWIFT_OPTIMIZATION_LEVEL = "-O";
				VALIDATE_PRODUCT = YES;
				VERSIONING_SYSTEM = "apple-generic";
				VERSION_INFO_PREFIX = "";
			};
			name = Release;
		};
		C931ADCE2577D06D0002BA2F /* Debug */ = {
			isa = XCBuildConfiguration;
			buildSettings = {
				CODE_SIGN_STYLE = Automatic;
				COMBINE_HIDPI_IMAGES = YES;
				DEFINES_MODULE = YES;
				DEVELOPMENT_TEAM = 56RR42EQK6;
				DYLIB_COMPATIBILITY_VERSION = 1;
				DYLIB_CURRENT_VERSION = 1;
				DYLIB_INSTALL_NAME_BASE = "@rpath";
				INFOPLIST_FILE = SmartAssets/Info.plist;
				INSTALL_PATH = "$(LOCAL_LIBRARY_DIR)/Frameworks";
				LD_RUNPATH_SEARCH_PATHS = (
					"$(inherited)",
					"@executable_path/../Frameworks",
					"@loader_path/Frameworks",
				);
				PRODUCT_BUNDLE_IDENTIFIER = com.miro.SmartAssets;
				PRODUCT_NAME = "$(TARGET_NAME:c99extidentifier)";
				SKIP_INSTALL = YES;
				SWIFT_VERSION = 5.0;
			};
			name = Debug;
		};
		C931ADCF2577D06D0002BA2F /* Release */ = {
			isa = XCBuildConfiguration;
			buildSettings = {
				CODE_SIGN_IDENTITY = "";
				CODE_SIGN_STYLE = Automatic;
				COMBINE_HIDPI_IMAGES = YES;
				DEFINES_MODULE = YES;
				DEVELOPMENT_TEAM = 56RR42EQK6;
				DYLIB_COMPATIBILITY_VERSION = 1;
				DYLIB_CURRENT_VERSION = 1;
				DYLIB_INSTALL_NAME_BASE = "@rpath";
				INFOPLIST_FILE = SmartAssets/Info.plist;
				INSTALL_PATH = "$(LOCAL_LIBRARY_DIR)/Frameworks";
				LD_RUNPATH_SEARCH_PATHS = (
					"$(inherited)",
					"@executable_path/../Frameworks",
					"@loader_path/Frameworks",
				);
				PRODUCT_BUNDLE_IDENTIFIER = com.miro.SmartAssets;
				PRODUCT_NAME = "$(TARGET_NAME:c99extidentifier)";
				SKIP_INSTALL = YES;
				SWIFT_VERSION = 5.0;
			};
			name = Release;
		};
/* End XCBuildConfiguration section */

/* Begin XCConfigurationList section */
		C903D06B274A5BE4003C50B9 /* Build configuration list for PBXNativeTarget "SmartAssetsTests" */ = {
			isa = XCConfigurationList;
			buildConfigurations = (
				C903D069274A5BE4003C50B9 /* Debug */,
				C903D06A274A5BE4003C50B9 /* Release */,
			);
			defaultConfigurationIsVisible = 0;
			defaultConfigurationName = Release;
		};
		C931ADBF2577D06D0002BA2F /* Build configuration list for PBXProject "SmartAssets" */ = {
			isa = XCConfigurationList;
			buildConfigurations = (
				C931ADCB2577D06D0002BA2F /* Debug */,
				C931ADCC2577D06D0002BA2F /* Release */,
			);
			defaultConfigurationIsVisible = 0;
			defaultConfigurationName = Release;
		};
		C931ADCD2577D06D0002BA2F /* Build configuration list for PBXNativeTarget "SmartAssets" */ = {
			isa = XCConfigurationList;
			buildConfigurations = (
				C931ADCE2577D06D0002BA2F /* Debug */,
				C931ADCF2577D06D0002BA2F /* Release */,
			);
			defaultConfigurationIsVisible = 0;
			defaultConfigurationName = Release;
		};
/* End XCConfigurationList section */
	};
	rootObject = C931ADBC2577D06D0002BA2F /* Project object */;
}
