// !$*UTF8*$!
{
	archiveVersion = 1;
	classes = {
	};
	objectVersion = 50;
	objects = {

/* Begin PBXBuildFile section */
		C905B59C26295EA100214CC1 /* ScrollableView.swift in Sources */ = {isa = PBXBuildFile; fileRef = C905B59B26295EA000214CC1 /* ScrollableView.swift */; };
		C915514D260A59DF003710BE /* ActivityIndicator.swift in Sources */ = {isa = PBXBuildFile; fileRef = C915514C260A59DF003710BE /* ActivityIndicator.swift */; };
		C9155161260B2978003710BE /* GameDisplayOptions.swift in Sources */ = {isa = PBXBuildFile; fileRef = C9155160260B2978003710BE /* GameDisplayOptions.swift */; };
		C9155175260BB382003710BE /* TerrainLayerView.swift in Sources */ = {isa = PBXBuildFile; fileRef = C9155174260BB382003710BE /* TerrainLayerView.swift */; };
		C9155177260BB3B4003710BE /* TerrainLayerViewModel.swift in Sources */ = {isa = PBXBuildFile; fileRef = C9155176260BB3B4003710BE /* TerrainLayerViewModel.swift */; };
		C9155179260BCEE7003710BE /* FeatureLayerViewModel.swift in Sources */ = {isa = PBXBuildFile; fileRef = C9155178260BCEE7003710BE /* FeatureLayerViewModel.swift */; };
		C915517B260BD284003710BE /* FeatureLayerView.swift in Sources */ = {isa = PBXBuildFile; fileRef = C915517A260BD284003710BE /* FeatureLayerView.swift */; };
		C915517D260C7D9D003710BE /* BaseLayerViewModel.swift in Sources */ = {isa = PBXBuildFile; fileRef = C915517C260C7D9D003710BE /* BaseLayerViewModel.swift */; };
		C920C426262EB03F0024EC0E /* GameEnvironment.swift in Sources */ = {isa = PBXBuildFile; fileRef = C920C425262EB03F0024EC0E /* GameEnvironment.swift */; };
		C93AA695260DD8C00053DF74 /* MapViewModel.swift in Sources */ = {isa = PBXBuildFile; fileRef = C93AA694260DD8C00053DF74 /* MapViewModel.swift */; };
		C93AA69F260DDE210053DF74 /* RiverLayerViewModel.swift in Sources */ = {isa = PBXBuildFile; fileRef = C93AA69E260DDE210053DF74 /* RiverLayerViewModel.swift */; };
		C93AA6A1260DE1550053DF74 /* ResourceLayerViewModel.swift in Sources */ = {isa = PBXBuildFile; fileRef = C93AA6A0260DE1550053DF74 /* ResourceLayerViewModel.swift */; };
		C93AA6A3260DE3830053DF74 /* RiverLayerView.swift in Sources */ = {isa = PBXBuildFile; fileRef = C93AA6A2260DE3830053DF74 /* RiverLayerView.swift */; };
		C93AA6A5260DE47B0053DF74 /* ResourceLayerView.swift in Sources */ = {isa = PBXBuildFile; fileRef = C93AA6A4260DE47B0053DF74 /* ResourceLayerView.swift */; };
		C93AA6A7260F232B0053DF74 /* HexCoordLayerViewModel.swift in Sources */ = {isa = PBXBuildFile; fileRef = C93AA6A6260F232B0053DF74 /* HexCoordLayerViewModel.swift */; };
		C93AA6A9260F23640053DF74 /* HexCoordLayerView.swift in Sources */ = {isa = PBXBuildFile; fileRef = C93AA6A8260F23640053DF74 /* HexCoordLayerView.swift */; };
		C93AA6AB260F24640053DF74 /* CGRectExtension.swift in Sources */ = {isa = PBXBuildFile; fileRef = C93AA6AA260F24640053DF74 /* CGRectExtension.swift */; };
		C94507A9262232E400CFD27D /* DataPicker.swift in Sources */ = {isa = PBXBuildFile; fileRef = C94507A8262232E400CFD27D /* DataPicker.swift */; };
		C94AD879262627C900836BDC /* CursorLayerViewModel.swift in Sources */ = {isa = PBXBuildFile; fileRef = C94AD878262627C800836BDC /* CursorLayerViewModel.swift */; };
		C94AD87B2626281A00836BDC /* CursorLayerView.swift in Sources */ = {isa = PBXBuildFile; fileRef = C94AD87A2626281A00836BDC /* CursorLayerView.swift */; };
		C9711126262569D600B58AAE /* NSMenuItemExtension.swift in Sources */ = {isa = PBXBuildFile; fileRef = C9711125262569D600B58AAE /* NSMenuItemExtension.swift */; };
		C9855D6F2631581E00468ED0 /* ResourceMarkerLayerViewModel.swift in Sources */ = {isa = PBXBuildFile; fileRef = C9855D6E2631581E00468ED0 /* ResourceMarkerLayerViewModel.swift */; };
		C9855D712631586300468ED0 /* ResourceMarkerLayerView.swift in Sources */ = {isa = PBXBuildFile; fileRef = C9855D702631586300468ED0 /* ResourceMarkerLayerView.swift */; };
		C9855D732631928800468ED0 /* YieldsLayerView.swift in Sources */ = {isa = PBXBuildFile; fileRef = C9855D722631928800468ED0 /* YieldsLayerView.swift */; };
		C9855D75263192B100468ED0 /* YieldsLayerViewModel.swift in Sources */ = {isa = PBXBuildFile; fileRef = C9855D74263192B100468ED0 /* YieldsLayerViewModel.swift */; };
		C9855D772631B8C900468ED0 /* WaterLayerView.swift in Sources */ = {isa = PBXBuildFile; fileRef = C9855D762631B8C900468ED0 /* WaterLayerView.swift */; };
		C9855D792631B8FB00468ED0 /* WaterLayerViewModel.swift in Sources */ = {isa = PBXBuildFile; fileRef = C9855D782631B8FB00468ED0 /* WaterLayerViewModel.swift */; };
		C988EAD1261B6ED500300C39 /* BorderLayerViewModel.swift in Sources */ = {isa = PBXBuildFile; fileRef = C988EAD0261B6ED400300C39 /* BorderLayerViewModel.swift */; };
		C988EAD3261B6EE900300C39 /* RoadLayerViewModel.swift in Sources */ = {isa = PBXBuildFile; fileRef = C988EAD2261B6EE900300C39 /* RoadLayerViewModel.swift */; };
		C988EAD5261B6F3500300C39 /* BorderLayerView.swift in Sources */ = {isa = PBXBuildFile; fileRef = C988EAD4261B6F3500300C39 /* BorderLayerView.swift */; };
		C988EAD7261B6F7B00300C39 /* RoadLayerView.swift in Sources */ = {isa = PBXBuildFile; fileRef = C988EAD6261B6F7B00300C39 /* RoadLayerView.swift */; };
		C988EAD9261B705A00300C39 /* ImprovementLayerViewModel.swift in Sources */ = {isa = PBXBuildFile; fileRef = C988EAD8261B705A00300C39 /* ImprovementLayerViewModel.swift */; };
		C988EADB261B707600300C39 /* CityLayerViewModel.swift in Sources */ = {isa = PBXBuildFile; fileRef = C988EADA261B707600300C39 /* CityLayerViewModel.swift */; };
		C988EADD261B708000300C39 /* UnitLayerViewModel.swift in Sources */ = {isa = PBXBuildFile; fileRef = C988EADC261B708000300C39 /* UnitLayerViewModel.swift */; };
		C988EADF261B70A800300C39 /* ImprovementLayerView.swift in Sources */ = {isa = PBXBuildFile; fileRef = C988EADE261B70A800300C39 /* ImprovementLayerView.swift */; };
		C988EAE1261B70B400300C39 /* CityLayerView.swift in Sources */ = {isa = PBXBuildFile; fileRef = C988EAE0261B70B400300C39 /* CityLayerView.swift */; };
		C988EAE3261B70BE00300C39 /* UnitLayerView.swift in Sources */ = {isa = PBXBuildFile; fileRef = C988EAE2261B70BE00300C39 /* UnitLayerView.swift */; };
		C988EAE5261B724500300C39 /* AnimatedUnitView.swift in Sources */ = {isa = PBXBuildFile; fileRef = C988EAE4261B724500300C39 /* AnimatedUnitView.swift */; };
		C99A886126079F4C003B8B73 /* SmartColonyMacOSUILibrary.h in Headers */ = {isa = PBXBuildFile; fileRef = C99A885F26079F4C003B8B73 /* SmartColonyMacOSUILibrary.h */; settings = {ATTRIBUTES = (Public, ); }; };
		C99A88742607A01C003B8B73 /* MapView.swift in Sources */ = {isa = PBXBuildFile; fileRef = C99A88712607A01B003B8B73 /* MapView.swift */; };
		C99A887E2607A06C003B8B73 /* SmartAILibrary.framework in Frameworks */ = {isa = PBXBuildFile; fileRef = C99A887D2607A06C003B8B73 /* SmartAILibrary.framework */; };
		C99A887F2607A06C003B8B73 /* SmartAILibrary.framework in Embed Frameworks */ = {isa = PBXBuildFile; fileRef = C99A887D2607A06C003B8B73 /* SmartAILibrary.framework */; settings = {ATTRIBUTES = (CodeSignOnCopy, RemoveHeadersOnCopy, ); }; };
		C99A88842607A190003B8B73 /* SmartAssets.framework in Frameworks */ = {isa = PBXBuildFile; fileRef = C99A88832607A190003B8B73 /* SmartAssets.framework */; };
		C99A88852607A190003B8B73 /* SmartAssets.framework in Embed Frameworks */ = {isa = PBXBuildFile; fileRef = C99A88832607A190003B8B73 /* SmartAssets.framework */; settings = {ATTRIBUTES = (CodeSignOnCopy, RemoveHeadersOnCopy, ); }; };
		C99A88882607A1D3003B8B73 /* CGPointExtension.swift in Sources */ = {isa = PBXBuildFile; fileRef = C99A88872607A1D3003B8B73 /* CGPointExtension.swift */; };
		C99A888C2607A1FD003B8B73 /* ImageCache.swift in Sources */ = {isa = PBXBuildFile; fileRef = C99A888B2607A1FD003B8B73 /* ImageCache.swift */; };
		C99A88922607A269003B8B73 /* NSImageExtension.swift in Sources */ = {isa = PBXBuildFile; fileRef = C99A88912607A269003B8B73 /* NSImageExtension.swift */; };
		C99A88982607A2CC003B8B73 /* CGImageExtension.swift in Sources */ = {isa = PBXBuildFile; fileRef = C99A88972607A2CC003B8B73 /* CGImageExtension.swift */; };
		C99A889C2607A319003B8B73 /* CGContextExtension.swift in Sources */ = {isa = PBXBuildFile; fileRef = C99A889B2607A319003B8B73 /* CGContextExtension.swift */; };
		C9A3760526340F9B0057923E /* SKMapView.swift in Sources */ = {isa = PBXBuildFile; fileRef = C9A3760426340F9B0057923E /* SKMapView.swift */; };
		C9A376072634462A0057923E /* FeatureLayer.swift in Sources */ = {isa = PBXBuildFile; fileRef = C9A376062634462A0057923E /* FeatureLayer.swift */; };
		C9A37609263446360057923E /* TerrainLayer.swift in Sources */ = {isa = PBXBuildFile; fileRef = C9A37608263446360057923E /* TerrainLayer.swift */; };
		C9A37613263456E30057923E /* BaseScene.swift in Sources */ = {isa = PBXBuildFile; fileRef = C9A37612263456E30057923E /* BaseScene.swift */; };
		C9A37615263457210057923E /* SafeAreaNode.swift in Sources */ = {isa = PBXBuildFile; fileRef = C9A37614263457210057923E /* SafeAreaNode.swift */; };
		C9A376172634573E0057923E /* BlurrableNode.swift in Sources */ = {isa = PBXBuildFile; fileRef = C9A376162634573E0057923E /* BlurrableNode.swift */; };
		C9A37619263457D70057923E /* GameScene.swift in Sources */ = {isa = PBXBuildFile; fileRef = C9A37618263457D70057923E /* GameScene.swift */; };
		C9A3761B263468780057923E /* SKNodeExtension.swift in Sources */ = {isa = PBXBuildFile; fileRef = C9A3761A263468780057923E /* SKNodeExtension.swift */; };
		C9A61D81261EE55600341241 /* PixelBuffer.swift in Sources */ = {isa = PBXBuildFile; fileRef = C9A61D80261EE55600341241 /* PixelBuffer.swift */; };
		C9A61D83261EF77E00341241 /* MapOverviewViewModel.swift in Sources */ = {isa = PBXBuildFile; fileRef = C9A61D82261EF77E00341241 /* MapOverviewViewModel.swift */; };
		C9A61D85261EF7F200341241 /* MapOverviewView.swift in Sources */ = {isa = PBXBuildFile; fileRef = C9A61D84261EF7F100341241 /* MapOverviewView.swift */; };
		C9A61D8C261EF87000341241 /* BottomRightBarView.swift in Sources */ = {isa = PBXBuildFile; fileRef = C9A61D8B261EF87000341241 /* BottomRightBarView.swift */; };
		C9A61D8D261EF87000341241 /* BottomLeftBarView.swift in Sources */ = {isa = PBXBuildFile; fileRef = C9A61D8A261EF86F00341241 /* BottomLeftBarView.swift */; };
		C9BDCF8B262476E6002488F6 /* GameView.swift in Sources */ = {isa = PBXBuildFile; fileRef = C9BDCF8A262476E6002488F6 /* GameView.swift */; };
		C9BDCF8D2624771C002488F6 /* GameViewModel.swift in Sources */ = {isa = PBXBuildFile; fileRef = C9BDCF8C2624771C002488F6 /* GameViewModel.swift */; };
		C9FD308526223EA200153752 /* DemoGameModel.swift in Sources */ = {isa = PBXBuildFile; fileRef = C9FD308426223EA200153752 /* DemoGameModel.swift */; };
/* End PBXBuildFile section */

/* Begin PBXCopyFilesBuildPhase section */
		C99A88802607A06C003B8B73 /* Embed Frameworks */ = {
			isa = PBXCopyFilesBuildPhase;
			buildActionMask = 2147483647;
			dstPath = "";
			dstSubfolderSpec = 10;
			files = (
				C99A887F2607A06C003B8B73 /* SmartAILibrary.framework in Embed Frameworks */,
				C99A88852607A190003B8B73 /* SmartAssets.framework in Embed Frameworks */,
			);
			name = "Embed Frameworks";
			runOnlyForDeploymentPostprocessing = 0;
		};
/* End PBXCopyFilesBuildPhase section */

/* Begin PBXFileReference section */
		C905B59B26295EA000214CC1 /* ScrollableView.swift */ = {isa = PBXFileReference; lastKnownFileType = sourcecode.swift; path = ScrollableView.swift; sourceTree = "<group>"; };
		C915514C260A59DF003710BE /* ActivityIndicator.swift */ = {isa = PBXFileReference; lastKnownFileType = sourcecode.swift; path = ActivityIndicator.swift; sourceTree = "<group>"; };
		C9155160260B2978003710BE /* GameDisplayOptions.swift */ = {isa = PBXFileReference; lastKnownFileType = sourcecode.swift; path = GameDisplayOptions.swift; sourceTree = "<group>"; };
		C9155174260BB382003710BE /* TerrainLayerView.swift */ = {isa = PBXFileReference; lastKnownFileType = sourcecode.swift; path = TerrainLayerView.swift; sourceTree = "<group>"; };
		C9155176260BB3B4003710BE /* TerrainLayerViewModel.swift */ = {isa = PBXFileReference; lastKnownFileType = sourcecode.swift; path = TerrainLayerViewModel.swift; sourceTree = "<group>"; };
		C9155178260BCEE7003710BE /* FeatureLayerViewModel.swift */ = {isa = PBXFileReference; lastKnownFileType = sourcecode.swift; path = FeatureLayerViewModel.swift; sourceTree = "<group>"; };
		C915517A260BD284003710BE /* FeatureLayerView.swift */ = {isa = PBXFileReference; lastKnownFileType = sourcecode.swift; path = FeatureLayerView.swift; sourceTree = "<group>"; };
		C915517C260C7D9D003710BE /* BaseLayerViewModel.swift */ = {isa = PBXFileReference; lastKnownFileType = sourcecode.swift; path = BaseLayerViewModel.swift; sourceTree = "<group>"; };
		C920C425262EB03F0024EC0E /* GameEnvironment.swift */ = {isa = PBXFileReference; lastKnownFileType = sourcecode.swift; path = GameEnvironment.swift; sourceTree = "<group>"; };
		C93AA694260DD8C00053DF74 /* MapViewModel.swift */ = {isa = PBXFileReference; lastKnownFileType = sourcecode.swift; path = MapViewModel.swift; sourceTree = "<group>"; };
		C93AA69E260DDE210053DF74 /* RiverLayerViewModel.swift */ = {isa = PBXFileReference; lastKnownFileType = sourcecode.swift; path = RiverLayerViewModel.swift; sourceTree = "<group>"; };
		C93AA6A0260DE1550053DF74 /* ResourceLayerViewModel.swift */ = {isa = PBXFileReference; lastKnownFileType = sourcecode.swift; path = ResourceLayerViewModel.swift; sourceTree = "<group>"; };
		C93AA6A2260DE3830053DF74 /* RiverLayerView.swift */ = {isa = PBXFileReference; lastKnownFileType = sourcecode.swift; path = RiverLayerView.swift; sourceTree = "<group>"; };
		C93AA6A4260DE47B0053DF74 /* ResourceLayerView.swift */ = {isa = PBXFileReference; lastKnownFileType = sourcecode.swift; path = ResourceLayerView.swift; sourceTree = "<group>"; };
		C93AA6A6260F232B0053DF74 /* HexCoordLayerViewModel.swift */ = {isa = PBXFileReference; lastKnownFileType = sourcecode.swift; path = HexCoordLayerViewModel.swift; sourceTree = "<group>"; };
		C93AA6A8260F23640053DF74 /* HexCoordLayerView.swift */ = {isa = PBXFileReference; lastKnownFileType = sourcecode.swift; path = HexCoordLayerView.swift; sourceTree = "<group>"; };
		C93AA6AA260F24640053DF74 /* CGRectExtension.swift */ = {isa = PBXFileReference; lastKnownFileType = sourcecode.swift; path = CGRectExtension.swift; sourceTree = "<group>"; };
		C94507A8262232E400CFD27D /* DataPicker.swift */ = {isa = PBXFileReference; lastKnownFileType = sourcecode.swift; path = DataPicker.swift; sourceTree = "<group>"; };
		C94AD878262627C800836BDC /* CursorLayerViewModel.swift */ = {isa = PBXFileReference; lastKnownFileType = sourcecode.swift; path = CursorLayerViewModel.swift; sourceTree = "<group>"; };
		C94AD87A2626281A00836BDC /* CursorLayerView.swift */ = {isa = PBXFileReference; lastKnownFileType = sourcecode.swift; path = CursorLayerView.swift; sourceTree = "<group>"; };
		C9711125262569D600B58AAE /* NSMenuItemExtension.swift */ = {isa = PBXFileReference; lastKnownFileType = sourcecode.swift; path = NSMenuItemExtension.swift; sourceTree = "<group>"; };
		C9855D6E2631581E00468ED0 /* ResourceMarkerLayerViewModel.swift */ = {isa = PBXFileReference; lastKnownFileType = sourcecode.swift; path = ResourceMarkerLayerViewModel.swift; sourceTree = "<group>"; };
		C9855D702631586300468ED0 /* ResourceMarkerLayerView.swift */ = {isa = PBXFileReference; lastKnownFileType = sourcecode.swift; path = ResourceMarkerLayerView.swift; sourceTree = "<group>"; };
		C9855D722631928800468ED0 /* YieldsLayerView.swift */ = {isa = PBXFileReference; lastKnownFileType = sourcecode.swift; path = YieldsLayerView.swift; sourceTree = "<group>"; };
		C9855D74263192B100468ED0 /* YieldsLayerViewModel.swift */ = {isa = PBXFileReference; lastKnownFileType = sourcecode.swift; path = YieldsLayerViewModel.swift; sourceTree = "<group>"; };
		C9855D762631B8C900468ED0 /* WaterLayerView.swift */ = {isa = PBXFileReference; lastKnownFileType = sourcecode.swift; path = WaterLayerView.swift; sourceTree = "<group>"; };
		C9855D782631B8FB00468ED0 /* WaterLayerViewModel.swift */ = {isa = PBXFileReference; lastKnownFileType = sourcecode.swift; path = WaterLayerViewModel.swift; sourceTree = "<group>"; };
		C988EAD0261B6ED400300C39 /* BorderLayerViewModel.swift */ = {isa = PBXFileReference; lastKnownFileType = sourcecode.swift; path = BorderLayerViewModel.swift; sourceTree = "<group>"; };
		C988EAD2261B6EE900300C39 /* RoadLayerViewModel.swift */ = {isa = PBXFileReference; lastKnownFileType = sourcecode.swift; path = RoadLayerViewModel.swift; sourceTree = "<group>"; };
		C988EAD4261B6F3500300C39 /* BorderLayerView.swift */ = {isa = PBXFileReference; lastKnownFileType = sourcecode.swift; path = BorderLayerView.swift; sourceTree = "<group>"; };
		C988EAD6261B6F7B00300C39 /* RoadLayerView.swift */ = {isa = PBXFileReference; lastKnownFileType = sourcecode.swift; path = RoadLayerView.swift; sourceTree = "<group>"; };
		C988EAD8261B705A00300C39 /* ImprovementLayerViewModel.swift */ = {isa = PBXFileReference; lastKnownFileType = sourcecode.swift; path = ImprovementLayerViewModel.swift; sourceTree = "<group>"; };
		C988EADA261B707600300C39 /* CityLayerViewModel.swift */ = {isa = PBXFileReference; lastKnownFileType = sourcecode.swift; path = CityLayerViewModel.swift; sourceTree = "<group>"; };
		C988EADC261B708000300C39 /* UnitLayerViewModel.swift */ = {isa = PBXFileReference; lastKnownFileType = sourcecode.swift; path = UnitLayerViewModel.swift; sourceTree = "<group>"; };
		C988EADE261B70A800300C39 /* ImprovementLayerView.swift */ = {isa = PBXFileReference; lastKnownFileType = sourcecode.swift; path = ImprovementLayerView.swift; sourceTree = "<group>"; };
		C988EAE0261B70B400300C39 /* CityLayerView.swift */ = {isa = PBXFileReference; lastKnownFileType = sourcecode.swift; path = CityLayerView.swift; sourceTree = "<group>"; };
		C988EAE2261B70BE00300C39 /* UnitLayerView.swift */ = {isa = PBXFileReference; lastKnownFileType = sourcecode.swift; path = UnitLayerView.swift; sourceTree = "<group>"; };
		C988EAE4261B724500300C39 /* AnimatedUnitView.swift */ = {isa = PBXFileReference; lastKnownFileType = sourcecode.swift; path = AnimatedUnitView.swift; sourceTree = "<group>"; };
		C99A885C26079F4C003B8B73 /* SmartMacOSUILibrary.framework */ = {isa = PBXFileReference; explicitFileType = wrapper.framework; includeInIndex = 0; path = SmartMacOSUILibrary.framework; sourceTree = BUILT_PRODUCTS_DIR; };
		C99A885F26079F4C003B8B73 /* SmartColonyMacOSUILibrary.h */ = {isa = PBXFileReference; lastKnownFileType = sourcecode.c.h; path = SmartColonyMacOSUILibrary.h; sourceTree = "<group>"; };
		C99A886026079F4C003B8B73 /* Info.plist */ = {isa = PBXFileReference; lastKnownFileType = text.plist.xml; path = Info.plist; sourceTree = "<group>"; };
		C99A88712607A01B003B8B73 /* MapView.swift */ = {isa = PBXFileReference; fileEncoding = 4; lastKnownFileType = sourcecode.swift; path = MapView.swift; sourceTree = "<group>"; };
		C99A887D2607A06C003B8B73 /* SmartAILibrary.framework */ = {isa = PBXFileReference; explicitFileType = wrapper.framework; path = SmartAILibrary.framework; sourceTree = BUILT_PRODUCTS_DIR; };
		C99A88832607A190003B8B73 /* SmartAssets.framework */ = {isa = PBXFileReference; explicitFileType = wrapper.framework; path = SmartAssets.framework; sourceTree = BUILT_PRODUCTS_DIR; };
		C99A88872607A1D3003B8B73 /* CGPointExtension.swift */ = {isa = PBXFileReference; fileEncoding = 4; lastKnownFileType = sourcecode.swift; path = CGPointExtension.swift; sourceTree = "<group>"; };
		C99A888B2607A1FD003B8B73 /* ImageCache.swift */ = {isa = PBXFileReference; lastKnownFileType = sourcecode.swift; path = ImageCache.swift; sourceTree = "<group>"; };
		C99A88912607A269003B8B73 /* NSImageExtension.swift */ = {isa = PBXFileReference; lastKnownFileType = sourcecode.swift; path = NSImageExtension.swift; sourceTree = "<group>"; };
		C99A88972607A2CC003B8B73 /* CGImageExtension.swift */ = {isa = PBXFileReference; lastKnownFileType = sourcecode.swift; path = CGImageExtension.swift; sourceTree = "<group>"; };
		C99A889B2607A319003B8B73 /* CGContextExtension.swift */ = {isa = PBXFileReference; lastKnownFileType = sourcecode.swift; path = CGContextExtension.swift; sourceTree = "<group>"; };
		C9A3760426340F9B0057923E /* SKMapView.swift */ = {isa = PBXFileReference; lastKnownFileType = sourcecode.swift; path = SKMapView.swift; sourceTree = "<group>"; };
		C9A376062634462A0057923E /* FeatureLayer.swift */ = {isa = PBXFileReference; lastKnownFileType = sourcecode.swift; path = FeatureLayer.swift; sourceTree = "<group>"; };
		C9A37608263446360057923E /* TerrainLayer.swift */ = {isa = PBXFileReference; lastKnownFileType = sourcecode.swift; path = TerrainLayer.swift; sourceTree = "<group>"; };
		C9A37612263456E30057923E /* BaseScene.swift */ = {isa = PBXFileReference; lastKnownFileType = sourcecode.swift; path = BaseScene.swift; sourceTree = "<group>"; };
		C9A37614263457210057923E /* SafeAreaNode.swift */ = {isa = PBXFileReference; lastKnownFileType = sourcecode.swift; path = SafeAreaNode.swift; sourceTree = "<group>"; };
		C9A376162634573E0057923E /* BlurrableNode.swift */ = {isa = PBXFileReference; lastKnownFileType = sourcecode.swift; path = BlurrableNode.swift; sourceTree = "<group>"; };
		C9A37618263457D70057923E /* GameScene.swift */ = {isa = PBXFileReference; lastKnownFileType = sourcecode.swift; path = GameScene.swift; sourceTree = "<group>"; };
		C9A3761A263468780057923E /* SKNodeExtension.swift */ = {isa = PBXFileReference; lastKnownFileType = sourcecode.swift; path = SKNodeExtension.swift; sourceTree = "<group>"; };
		C9A61D80261EE55600341241 /* PixelBuffer.swift */ = {isa = PBXFileReference; lastKnownFileType = sourcecode.swift; path = PixelBuffer.swift; sourceTree = "<group>"; };
		C9A61D82261EF77E00341241 /* MapOverviewViewModel.swift */ = {isa = PBXFileReference; lastKnownFileType = sourcecode.swift; path = MapOverviewViewModel.swift; sourceTree = "<group>"; };
		C9A61D84261EF7F100341241 /* MapOverviewView.swift */ = {isa = PBXFileReference; lastKnownFileType = sourcecode.swift; path = MapOverviewView.swift; sourceTree = "<group>"; };
		C9A61D8A261EF86F00341241 /* BottomLeftBarView.swift */ = {isa = PBXFileReference; lastKnownFileType = sourcecode.swift; path = BottomLeftBarView.swift; sourceTree = "<group>"; };
		C9A61D8B261EF87000341241 /* BottomRightBarView.swift */ = {isa = PBXFileReference; lastKnownFileType = sourcecode.swift; path = BottomRightBarView.swift; sourceTree = "<group>"; };
		C9BDCF8A262476E6002488F6 /* GameView.swift */ = {isa = PBXFileReference; lastKnownFileType = sourcecode.swift; path = GameView.swift; sourceTree = "<group>"; };
		C9BDCF8C2624771C002488F6 /* GameViewModel.swift */ = {isa = PBXFileReference; lastKnownFileType = sourcecode.swift; path = GameViewModel.swift; sourceTree = "<group>"; };
		C9FD308426223EA200153752 /* DemoGameModel.swift */ = {isa = PBXFileReference; lastKnownFileType = sourcecode.swift; path = DemoGameModel.swift; sourceTree = "<group>"; };
/* End PBXFileReference section */

/* Begin PBXFrameworksBuildPhase section */
		C99A885926079F4C003B8B73 /* Frameworks */ = {
			isa = PBXFrameworksBuildPhase;
			buildActionMask = 2147483647;
			files = (
				C99A887E2607A06C003B8B73 /* SmartAILibrary.framework in Frameworks */,
				C99A88842607A190003B8B73 /* SmartAssets.framework in Frameworks */,
			);
			runOnlyForDeploymentPostprocessing = 0;
		};
/* End PBXFrameworksBuildPhase section */

/* Begin PBXGroup section */
		C9155172260BB304003710BE /* Layers */ = {
			isa = PBXGroup;
			children = (
				C915517C260C7D9D003710BE /* BaseLayerViewModel.swift */,
				C9155176260BB3B4003710BE /* TerrainLayerViewModel.swift */,
				C93AA69E260DDE210053DF74 /* RiverLayerViewModel.swift */,
				C988EAD0261B6ED400300C39 /* BorderLayerViewModel.swift */,
				C988EAD2261B6EE900300C39 /* RoadLayerViewModel.swift */,
				C94AD878262627C800836BDC /* CursorLayerViewModel.swift */,
				C9155178260BCEE7003710BE /* FeatureLayerViewModel.swift */,
				C9855D782631B8FB00468ED0 /* WaterLayerViewModel.swift */,
				C93AA6A0260DE1550053DF74 /* ResourceLayerViewModel.swift */,
				C988EAD8261B705A00300C39 /* ImprovementLayerViewModel.swift */,
				C988EADA261B707600300C39 /* CityLayerViewModel.swift */,
				C988EADC261B708000300C39 /* UnitLayerViewModel.swift */,
				C9855D6E2631581E00468ED0 /* ResourceMarkerLayerViewModel.swift */,
				C9855D74263192B100468ED0 /* YieldsLayerViewModel.swift */,
				C93AA6A6260F232B0053DF74 /* HexCoordLayerViewModel.swift */,
			);
			path = Layers;
			sourceTree = "<group>";
		};
		C9155173260BB371003710BE /* Layers */ = {
			isa = PBXGroup;
			children = (
				C9155174260BB382003710BE /* TerrainLayerView.swift */,
				C93AA6A2260DE3830053DF74 /* RiverLayerView.swift */,
				C988EAD4261B6F3500300C39 /* BorderLayerView.swift */,
				C988EAD6261B6F7B00300C39 /* RoadLayerView.swift */,
				C94AD87A2626281A00836BDC /* CursorLayerView.swift */,
				C915517A260BD284003710BE /* FeatureLayerView.swift */,
				C9855D762631B8C900468ED0 /* WaterLayerView.swift */,
				C93AA6A4260DE47B0053DF74 /* ResourceLayerView.swift */,
				C988EADE261B70A800300C39 /* ImprovementLayerView.swift */,
				C988EAE0261B70B400300C39 /* CityLayerView.swift */,
				C988EAE2261B70BE00300C39 /* UnitLayerView.swift */,
				C9855D702631586300468ED0 /* ResourceMarkerLayerView.swift */,
				C9855D722631928800468ED0 /* YieldsLayerView.swift */,
				C93AA6A8260F23640053DF74 /* HexCoordLayerView.swift */,
			);
			path = Layers;
			sourceTree = "<group>";
		};
		C93AA6AE2611C1B20053DF74 /* Base */ = {
			isa = PBXGroup;
			children = (
				C915514C260A59DF003710BE /* ActivityIndicator.swift */,
				C988EAE4261B724500300C39 /* AnimatedUnitView.swift */,
				C94507A8262232E400CFD27D /* DataPicker.swift */,
				C905B59B26295EA000214CC1 /* ScrollableView.swift */,
			);
			path = Base;
			sourceTree = "<group>";
		};
		C99A885226079F4C003B8B73 = {
			isa = PBXGroup;
			children = (
				C99A885E26079F4C003B8B73 /* SmartColonyMacOSUILibrary */,
				C99A885D26079F4C003B8B73 /* Products */,
				C99A887C2607A06C003B8B73 /* Frameworks */,
			);
			sourceTree = "<group>";
		};
		C99A885D26079F4C003B8B73 /* Products */ = {
			isa = PBXGroup;
			children = (
				C99A885C26079F4C003B8B73 /* SmartMacOSUILibrary.framework */,
			);
			name = Products;
			sourceTree = "<group>";
		};
		C99A885E26079F4C003B8B73 /* SmartColonyMacOSUILibrary */ = {
			isa = PBXGroup;
			children = (
				C99A88862607A1BE003B8B73 /* Utils */,
				C99A886E26079FE5003B8B73 /* ViewModels */,
				C99A886D26079FE0003B8B73 /* Views */,
				C99A885F26079F4C003B8B73 /* SmartColonyMacOSUILibrary.h */,
				C99A886026079F4C003B8B73 /* Info.plist */,
			);
			path = SmartColonyMacOSUILibrary;
			sourceTree = "<group>";
		};
		C99A886D26079FE0003B8B73 /* Views */ = {
			isa = PBXGroup;
			children = (
				C9155173260BB371003710BE /* Layers */,
				C93AA6AE2611C1B20053DF74 /* Base */,
				C99A88712607A01B003B8B73 /* MapView.swift */,
				C9A61D84261EF7F100341241 /* MapOverviewView.swift */,
				C9A61D8A261EF86F00341241 /* BottomLeftBarView.swift */,
				C9A61D8B261EF87000341241 /* BottomRightBarView.swift */,
				C9BDCF8A262476E6002488F6 /* GameView.swift */,
				C9A3760426340F9B0057923E /* SKMapView.swift */,
				C9A37608263446360057923E /* TerrainLayer.swift */,
				C9A376062634462A0057923E /* FeatureLayer.swift */,
				C9A37612263456E30057923E /* BaseScene.swift */,
				C9A37614263457210057923E /* SafeAreaNode.swift */,
				C9A376162634573E0057923E /* BlurrableNode.swift */,
				C9A37618263457D70057923E /* GameScene.swift */,
				C9A3761A263468780057923E /* SKNodeExtension.swift */,
			);
			path = Views;
			sourceTree = "<group>";
		};
		C99A886E26079FE5003B8B73 /* ViewModels */ = {
			isa = PBXGroup;
			children = (
				C9155172260BB304003710BE /* Layers */,
				C93AA694260DD8C00053DF74 /* MapViewModel.swift */,
				C9A61D82261EF77E00341241 /* MapOverviewViewModel.swift */,
				C9BDCF8C2624771C002488F6 /* GameViewModel.swift */,
				C920C425262EB03F0024EC0E /* GameEnvironment.swift */,
			);
			path = ViewModels;
			sourceTree = "<group>";
		};
		C99A887C2607A06C003B8B73 /* Frameworks */ = {
			isa = PBXGroup;
			children = (
				C99A88832607A190003B8B73 /* SmartAssets.framework */,
				C99A887D2607A06C003B8B73 /* SmartAILibrary.framework */,
			);
			name = Frameworks;
			sourceTree = "<group>";
		};
		C99A88862607A1BE003B8B73 /* Utils */ = {
			isa = PBXGroup;
			children = (
				C99A889B2607A319003B8B73 /* CGContextExtension.swift */,
				C99A88972607A2CC003B8B73 /* CGImageExtension.swift */,
				C99A88912607A269003B8B73 /* NSImageExtension.swift */,
				C99A888B2607A1FD003B8B73 /* ImageCache.swift */,
				C99A88872607A1D3003B8B73 /* CGPointExtension.swift */,
				C9155160260B2978003710BE /* GameDisplayOptions.swift */,
				C93AA6AA260F24640053DF74 /* CGRectExtension.swift */,
				C9A61D80261EE55600341241 /* PixelBuffer.swift */,
				C9FD308426223EA200153752 /* DemoGameModel.swift */,
				C9711125262569D600B58AAE /* NSMenuItemExtension.swift */,
			);
			path = Utils;
			sourceTree = "<group>";
		};
/* End PBXGroup section */

/* Begin PBXHeadersBuildPhase section */
		C99A885726079F4C003B8B73 /* Headers */ = {
			isa = PBXHeadersBuildPhase;
			buildActionMask = 2147483647;
			files = (
				C99A886126079F4C003B8B73 /* SmartColonyMacOSUILibrary.h in Headers */,
			);
			runOnlyForDeploymentPostprocessing = 0;
		};
/* End PBXHeadersBuildPhase section */

/* Begin PBXNativeTarget section */
		C99A885B26079F4C003B8B73 /* SmartMacOSUILibrary */ = {
			isa = PBXNativeTarget;
			buildConfigurationList = C99A886426079F4C003B8B73 /* Build configuration list for PBXNativeTarget "SmartMacOSUILibrary" */;
			buildPhases = (
				C99A885726079F4C003B8B73 /* Headers */,
				C99A885826079F4C003B8B73 /* Sources */,
				C99A885926079F4C003B8B73 /* Frameworks */,
				C99A885A26079F4C003B8B73 /* Resources */,
				C99A88802607A06C003B8B73 /* Embed Frameworks */,
			);
			buildRules = (
			);
			dependencies = (
			);
			name = SmartMacOSUILibrary;
			productName = SmartColonyMacOSUILibrary;
			productReference = C99A885C26079F4C003B8B73 /* SmartMacOSUILibrary.framework */;
			productType = "com.apple.product-type.framework";
		};
/* End PBXNativeTarget section */

/* Begin PBXProject section */
		C99A885326079F4C003B8B73 /* Project object */ = {
			isa = PBXProject;
			attributes = {
				LastUpgradeCheck = 1240;
				TargetAttributes = {
					C99A885B26079F4C003B8B73 = {
						CreatedOnToolsVersion = 12.4;
						LastSwiftMigration = 1240;
					};
				};
			};
			buildConfigurationList = C99A885626079F4C003B8B73 /* Build configuration list for PBXProject "SmartMacOSUILibrary" */;
			compatibilityVersion = "Xcode 9.3";
			developmentRegion = en;
			hasScannedForEncodings = 0;
			knownRegions = (
				en,
				Base,
			);
			mainGroup = C99A885226079F4C003B8B73;
			productRefGroup = C99A885D26079F4C003B8B73 /* Products */;
			projectDirPath = "";
			projectRoot = "";
			targets = (
				C99A885B26079F4C003B8B73 /* SmartMacOSUILibrary */,
			);
		};
/* End PBXProject section */

/* Begin PBXResourcesBuildPhase section */
		C99A885A26079F4C003B8B73 /* Resources */ = {
			isa = PBXResourcesBuildPhase;
			buildActionMask = 2147483647;
			files = (
			);
			runOnlyForDeploymentPostprocessing = 0;
		};
/* End PBXResourcesBuildPhase section */

/* Begin PBXSourcesBuildPhase section */
		C99A885826079F4C003B8B73 /* Sources */ = {
			isa = PBXSourcesBuildPhase;
			buildActionMask = 2147483647;
			files = (
				C988EAE5261B724500300C39 /* AnimatedUnitView.swift in Sources */,
				C93AA6A7260F232B0053DF74 /* HexCoordLayerViewModel.swift in Sources */,
				C9A61D81261EE55600341241 /* PixelBuffer.swift in Sources */,
				C9855D6F2631581E00468ED0 /* ResourceMarkerLayerViewModel.swift in Sources */,
				C9A61D8C261EF87000341241 /* BottomRightBarView.swift in Sources */,
				C915517B260BD284003710BE /* FeatureLayerView.swift in Sources */,
				C94AD879262627C900836BDC /* CursorLayerViewModel.swift in Sources */,
				C9155177260BB3B4003710BE /* TerrainLayerViewModel.swift in Sources */,
				C905B59C26295EA100214CC1 /* ScrollableView.swift in Sources */,
				C9A376172634573E0057923E /* BlurrableNode.swift in Sources */,
				C9A61D83261EF77E00341241 /* MapOverviewViewModel.swift in Sources */,
				C9A376072634462A0057923E /* FeatureLayer.swift in Sources */,
				C9855D75263192B100468ED0 /* YieldsLayerViewModel.swift in Sources */,
				C9855D712631586300468ED0 /* ResourceMarkerLayerView.swift in Sources */,
				C9A37609263446360057923E /* TerrainLayer.swift in Sources */,
				C99A888C2607A1FD003B8B73 /* ImageCache.swift in Sources */,
				C9855D772631B8C900468ED0 /* WaterLayerView.swift in Sources */,
				C9A61D8D261EF87000341241 /* BottomLeftBarView.swift in Sources */,
				C99A88742607A01C003B8B73 /* MapView.swift in Sources */,
				C99A88982607A2CC003B8B73 /* CGImageExtension.swift in Sources */,
				C93AA6A3260DE3830053DF74 /* RiverLayerView.swift in Sources */,
				C93AA69F260DDE210053DF74 /* RiverLayerViewModel.swift in Sources */,
				C988EAD5261B6F3500300C39 /* BorderLayerView.swift in Sources */,
				C9855D792631B8FB00468ED0 /* WaterLayerViewModel.swift in Sources */,
				C920C426262EB03F0024EC0E /* GameEnvironment.swift in Sources */,
				C99A88922607A269003B8B73 /* NSImageExtension.swift in Sources */,
				C94AD87B2626281A00836BDC /* CursorLayerView.swift in Sources */,
				C9A37615263457210057923E /* SafeAreaNode.swift in Sources */,
				C988EAD3261B6EE900300C39 /* RoadLayerViewModel.swift in Sources */,
				C94507A9262232E400CFD27D /* DataPicker.swift in Sources */,
				C93AA695260DD8C00053DF74 /* MapViewModel.swift in Sources */,
				C93AA6A5260DE47B0053DF74 /* ResourceLayerView.swift in Sources */,
				C9A37619263457D70057923E /* GameScene.swift in Sources */,
				C9A3761B263468780057923E /* SKNodeExtension.swift in Sources */,
				C915517D260C7D9D003710BE /* BaseLayerViewModel.swift in Sources */,
				C988EAD9261B705A00300C39 /* ImprovementLayerViewModel.swift in Sources */,
				C988EAE1261B70B400300C39 /* CityLayerView.swift in Sources */,
				C99A88882607A1D3003B8B73 /* CGPointExtension.swift in Sources */,
				C915514D260A59DF003710BE /* ActivityIndicator.swift in Sources */,
				C988EAD1261B6ED500300C39 /* BorderLayerViewModel.swift in Sources */,
				C988EADF261B70A800300C39 /* ImprovementLayerView.swift in Sources */,
				C988EADB261B707600300C39 /* CityLayerViewModel.swift in Sources */,
				C99A889C2607A319003B8B73 /* CGContextExtension.swift in Sources */,
				C988EAE3261B70BE00300C39 /* UnitLayerView.swift in Sources */,
				C9A3760526340F9B0057923E /* SKMapView.swift in Sources */,
				C9711126262569D600B58AAE /* NSMenuItemExtension.swift in Sources */,
				C93AA6A1260DE1550053DF74 /* ResourceLayerViewModel.swift in Sources */,
				C93AA6AB260F24640053DF74 /* CGRectExtension.swift in Sources */,
				C9BDCF8D2624771C002488F6 /* GameViewModel.swift in Sources */,
				C9A61D85261EF7F200341241 /* MapOverviewView.swift in Sources */,
				C9155175260BB382003710BE /* TerrainLayerView.swift in Sources */,
				C9BDCF8B262476E6002488F6 /* GameView.swift in Sources */,
				C9155161260B2978003710BE /* GameDisplayOptions.swift in Sources */,
				C988EAD7261B6F7B00300C39 /* RoadLayerView.swift in Sources */,
				C93AA6A9260F23640053DF74 /* HexCoordLayerView.swift in Sources */,
				C9A37613263456E30057923E /* BaseScene.swift in Sources */,
				C9155179260BCEE7003710BE /* FeatureLayerViewModel.swift in Sources */,
				C988EADD261B708000300C39 /* UnitLayerViewModel.swift in Sources */,
				C9855D732631928800468ED0 /* YieldsLayerView.swift in Sources */,
				C9FD308526223EA200153752 /* DemoGameModel.swift in Sources */,
			);
			runOnlyForDeploymentPostprocessing = 0;
		};
/* End PBXSourcesBuildPhase section */

/* Begin XCBuildConfiguration section */
		C99A886226079F4C003B8B73 /* Debug */ = {
			isa = XCBuildConfiguration;
			buildSettings = {
				ALWAYS_SEARCH_USER_PATHS = NO;
				CLANG_ANALYZER_NONNULL = YES;
				CLANG_ANALYZER_NUMBER_OBJECT_CONVERSION = YES_AGGRESSIVE;
				CLANG_CXX_LANGUAGE_STANDARD = "gnu++14";
				CLANG_CXX_LIBRARY = "libc++";
				CLANG_ENABLE_MODULES = YES;
				CLANG_ENABLE_OBJC_ARC = YES;
				CLANG_ENABLE_OBJC_WEAK = YES;
				CLANG_WARN_BLOCK_CAPTURE_AUTORELEASING = YES;
				CLANG_WARN_BOOL_CONVERSION = YES;
				CLANG_WARN_COMMA = YES;
				CLANG_WARN_CONSTANT_CONVERSION = YES;
				CLANG_WARN_DEPRECATED_OBJC_IMPLEMENTATIONS = YES;
				CLANG_WARN_DIRECT_OBJC_ISA_USAGE = YES_ERROR;
				CLANG_WARN_DOCUMENTATION_COMMENTS = YES;
				CLANG_WARN_EMPTY_BODY = YES;
				CLANG_WARN_ENUM_CONVERSION = YES;
				CLANG_WARN_INFINITE_RECURSION = YES;
				CLANG_WARN_INT_CONVERSION = YES;
				CLANG_WARN_NON_LITERAL_NULL_CONVERSION = YES;
				CLANG_WARN_OBJC_IMPLICIT_RETAIN_SELF = YES;
				CLANG_WARN_OBJC_LITERAL_CONVERSION = YES;
				CLANG_WARN_OBJC_ROOT_CLASS = YES_ERROR;
				CLANG_WARN_QUOTED_INCLUDE_IN_FRAMEWORK_HEADER = YES;
				CLANG_WARN_RANGE_LOOP_ANALYSIS = YES;
				CLANG_WARN_STRICT_PROTOTYPES = YES;
				CLANG_WARN_SUSPICIOUS_MOVE = YES;
				CLANG_WARN_UNGUARDED_AVAILABILITY = YES_AGGRESSIVE;
				CLANG_WARN_UNREACHABLE_CODE = YES;
				CLANG_WARN__DUPLICATE_METHOD_MATCH = YES;
				COPY_PHASE_STRIP = NO;
				CURRENT_PROJECT_VERSION = 1;
				DEBUG_INFORMATION_FORMAT = dwarf;
				ENABLE_STRICT_OBJC_MSGSEND = YES;
				ENABLE_TESTABILITY = YES;
				GCC_C_LANGUAGE_STANDARD = gnu11;
				GCC_DYNAMIC_NO_PIC = NO;
				GCC_NO_COMMON_BLOCKS = YES;
				GCC_OPTIMIZATION_LEVEL = 0;
				GCC_PREPROCESSOR_DEFINITIONS = (
					"DEBUG=1",
					"$(inherited)",
				);
				GCC_WARN_64_TO_32_BIT_CONVERSION = YES;
				GCC_WARN_ABOUT_RETURN_TYPE = YES_ERROR;
				GCC_WARN_UNDECLARED_SELECTOR = YES;
				GCC_WARN_UNINITIALIZED_AUTOS = YES_AGGRESSIVE;
				GCC_WARN_UNUSED_FUNCTION = YES;
				GCC_WARN_UNUSED_VARIABLE = YES;
				MACOSX_DEPLOYMENT_TARGET = 11.1;
				MTL_ENABLE_DEBUG_INFO = INCLUDE_SOURCE;
				MTL_FAST_MATH = YES;
				ONLY_ACTIVE_ARCH = YES;
				SDKROOT = macosx;
				SWIFT_ACTIVE_COMPILATION_CONDITIONS = DEBUG;
				SWIFT_OPTIMIZATION_LEVEL = "-Onone";
				VERSIONING_SYSTEM = "apple-generic";
				VERSION_INFO_PREFIX = "";
			};
			name = Debug;
		};
		C99A886326079F4C003B8B73 /* Release */ = {
			isa = XCBuildConfiguration;
			buildSettings = {
				ALWAYS_SEARCH_USER_PATHS = NO;
				CLANG_ANALYZER_NONNULL = YES;
				CLANG_ANALYZER_NUMBER_OBJECT_CONVERSION = YES_AGGRESSIVE;
				CLANG_CXX_LANGUAGE_STANDARD = "gnu++14";
				CLANG_CXX_LIBRARY = "libc++";
				CLANG_ENABLE_MODULES = YES;
				CLANG_ENABLE_OBJC_ARC = YES;
				CLANG_ENABLE_OBJC_WEAK = YES;
				CLANG_WARN_BLOCK_CAPTURE_AUTORELEASING = YES;
				CLANG_WARN_BOOL_CONVERSION = YES;
				CLANG_WARN_COMMA = YES;
				CLANG_WARN_CONSTANT_CONVERSION = YES;
				CLANG_WARN_DEPRECATED_OBJC_IMPLEMENTATIONS = YES;
				CLANG_WARN_DIRECT_OBJC_ISA_USAGE = YES_ERROR;
				CLANG_WARN_DOCUMENTATION_COMMENTS = YES;
				CLANG_WARN_EMPTY_BODY = YES;
				CLANG_WARN_ENUM_CONVERSION = YES;
				CLANG_WARN_INFINITE_RECURSION = YES;
				CLANG_WARN_INT_CONVERSION = YES;
				CLANG_WARN_NON_LITERAL_NULL_CONVERSION = YES;
				CLANG_WARN_OBJC_IMPLICIT_RETAIN_SELF = YES;
				CLANG_WARN_OBJC_LITERAL_CONVERSION = YES;
				CLANG_WARN_OBJC_ROOT_CLASS = YES_ERROR;
				CLANG_WARN_QUOTED_INCLUDE_IN_FRAMEWORK_HEADER = YES;
				CLANG_WARN_RANGE_LOOP_ANALYSIS = YES;
				CLANG_WARN_STRICT_PROTOTYPES = YES;
				CLANG_WARN_SUSPICIOUS_MOVE = YES;
				CLANG_WARN_UNGUARDED_AVAILABILITY = YES_AGGRESSIVE;
				CLANG_WARN_UNREACHABLE_CODE = YES;
				CLANG_WARN__DUPLICATE_METHOD_MATCH = YES;
				COPY_PHASE_STRIP = NO;
				CURRENT_PROJECT_VERSION = 1;
				DEBUG_INFORMATION_FORMAT = "dwarf-with-dsym";
				ENABLE_NS_ASSERTIONS = NO;
				ENABLE_STRICT_OBJC_MSGSEND = YES;
				GCC_C_LANGUAGE_STANDARD = gnu11;
				GCC_NO_COMMON_BLOCKS = YES;
				GCC_WARN_64_TO_32_BIT_CONVERSION = YES;
				GCC_WARN_ABOUT_RETURN_TYPE = YES_ERROR;
				GCC_WARN_UNDECLARED_SELECTOR = YES;
				GCC_WARN_UNINITIALIZED_AUTOS = YES_AGGRESSIVE;
				GCC_WARN_UNUSED_FUNCTION = YES;
				GCC_WARN_UNUSED_VARIABLE = YES;
				MACOSX_DEPLOYMENT_TARGET = 11.1;
				MTL_ENABLE_DEBUG_INFO = NO;
				MTL_FAST_MATH = YES;
				SDKROOT = macosx;
				SWIFT_COMPILATION_MODE = wholemodule;
				SWIFT_OPTIMIZATION_LEVEL = "-O";
				VERSIONING_SYSTEM = "apple-generic";
				VERSION_INFO_PREFIX = "";
			};
			name = Release;
		};
		C99A886526079F4C003B8B73 /* Debug */ = {
			isa = XCBuildConfiguration;
			buildSettings = {
				CLANG_ENABLE_MODULES = YES;
				CODE_SIGN_STYLE = Automatic;
				COMBINE_HIDPI_IMAGES = YES;
				DEFINES_MODULE = YES;
				DEVELOPMENT_TEAM = 56RR42EQK6;
				DYLIB_COMPATIBILITY_VERSION = 1;
				DYLIB_CURRENT_VERSION = 1;
				DYLIB_INSTALL_NAME_BASE = "@rpath";
				INFOPLIST_FILE = SmartColonyMacOSUILibrary/Info.plist;
				INSTALL_PATH = "$(LOCAL_LIBRARY_DIR)/Frameworks";
				LD_RUNPATH_SEARCH_PATHS = (
					"$(inherited)",
					"@executable_path/../Frameworks",
					"@loader_path/Frameworks",
				);
				MACOSX_DEPLOYMENT_TARGET = 11.0;
				PRODUCT_BUNDLE_IDENTIFIER = com.miro.SmartColonyMacOSUILibrary;
				PRODUCT_NAME = "$(TARGET_NAME:c99extidentifier)";
				SKIP_INSTALL = YES;
				SWIFT_OPTIMIZATION_LEVEL = "-Onone";
				SWIFT_VERSION = 5.0;
			};
			name = Debug;
		};
		C99A886626079F4C003B8B73 /* Release */ = {
			isa = XCBuildConfiguration;
			buildSettings = {
				CLANG_ENABLE_MODULES = YES;
				CODE_SIGN_STYLE = Automatic;
				COMBINE_HIDPI_IMAGES = YES;
				DEFINES_MODULE = YES;
				DEVELOPMENT_TEAM = 56RR42EQK6;
				DYLIB_COMPATIBILITY_VERSION = 1;
				DYLIB_CURRENT_VERSION = 1;
				DYLIB_INSTALL_NAME_BASE = "@rpath";
				INFOPLIST_FILE = SmartColonyMacOSUILibrary/Info.plist;
				INSTALL_PATH = "$(LOCAL_LIBRARY_DIR)/Frameworks";
				LD_RUNPATH_SEARCH_PATHS = (
					"$(inherited)",
					"@executable_path/../Frameworks",
					"@loader_path/Frameworks",
				);
				MACOSX_DEPLOYMENT_TARGET = 11.0;
				PRODUCT_BUNDLE_IDENTIFIER = com.miro.SmartColonyMacOSUILibrary;
				PRODUCT_NAME = "$(TARGET_NAME:c99extidentifier)";
				SKIP_INSTALL = YES;
				SWIFT_VERSION = 5.0;
			};
			name = Release;
		};
/* End XCBuildConfiguration section */

/* Begin XCConfigurationList section */
		C99A885626079F4C003B8B73 /* Build configuration list for PBXProject "SmartMacOSUILibrary" */ = {
			isa = XCConfigurationList;
			buildConfigurations = (
				C99A886226079F4C003B8B73 /* Debug */,
				C99A886326079F4C003B8B73 /* Release */,
			);
			defaultConfigurationIsVisible = 0;
			defaultConfigurationName = Release;
		};
		C99A886426079F4C003B8B73 /* Build configuration list for PBXNativeTarget "SmartMacOSUILibrary" */ = {
			isa = XCConfigurationList;
			buildConfigurations = (
				C99A886526079F4C003B8B73 /* Debug */,
				C99A886626079F4C003B8B73 /* Release */,
			);
			defaultConfigurationIsVisible = 0;
			defaultConfigurationName = Release;
		};
/* End XCConfigurationList section */
	};
	rootObject = C99A885326079F4C003B8B73 /* Project object */;
}
